
Microsoft Visual Studio Solution File, Format Version 12.00
# Visual Studio 15
VisualStudioVersion = 15.0.28307.106
MinimumVisualStudioVersion = 10.0.40219.1
Project("{8BC9CEB8-8B4A-11D0-8D11-00A0C91BC942}") = "Common", "Common\Common.vcxproj", "{40133DE4-0CDB-4D57-91E3-8E5D5F5CE603}"
EndProject
Project("{8BC9CEB8-8B4A-11D0-8D11-00A0C91BC942}") = "Hello_Triangle", "Hello_Triangle\Hello_Triangle.vcxproj", "{2E253799-7549-4BC5-9584-5F1F9452DD45}"
	ProjectSection(ProjectDependencies) = postProject
		{40133DE4-0CDB-4D57-91E3-8E5D5F5CE603} = {40133DE4-0CDB-4D57-91E3-8E5D5F5CE603}
	EndProjectSection
EndProject
Project("{2150E333-8FDC-42A3-9474-1A3956D46DE8}") = "Exercise", "Exercise", "{3F386CB7-2F3A-44CC-80D1-2189B99F43A6}"
EndProject
Project("{8BC9CEB8-8B4A-11D0-8D11-00A0C91BC942}") = "HelloTriangle_Exercise", "Excercise\HelloTriangle_Exercise\HelloTriangle_Exercise.vcxproj", "{FB7EDDF6-C90F-47BD-A592-CF81BA2C1ECD}"
EndProject
Project("{8BC9CEB8-8B4A-11D0-8D11-00A0C91BC942}") = "HelloTriangle_Exercise2", "Excercise\HelloTriangle_Exercise2\HelloTriangle_Exercise2.vcxproj", "{AB334AF4-30EA-475B-8C63-EE4DE72EAA89}"
	ProjectSection(ProjectDependencies) = postProject
		{40133DE4-0CDB-4D57-91E3-8E5D5F5CE603} = {40133DE4-0CDB-4D57-91E3-8E5D5F5CE603}
	EndProjectSection
EndProject
Project("{8BC9CEB8-8B4A-11D0-8D11-00A0C91BC942}") = "HelloTriangle_Excercise3", "Excercise\HelloTriangle_Excercise3\HelloTriangle_Excercise3.vcxproj", "{6151A3EE-2127-4C54-86C3-B38C05633B81}"
	ProjectSection(ProjectDependencies) = postProject
		{40133DE4-0CDB-4D57-91E3-8E5D5F5CE603} = {40133DE4-0CDB-4D57-91E3-8E5D5F5CE603}
	EndProjectSection
EndProject
Project("{8BC9CEB8-8B4A-11D0-8D11-00A0C91BC942}") = "Shaders", "Shaders\Shaders.vcxproj", "{F745C851-7852-49BC-B7EC-4642D6F78486}"
EndProject
Global
	GlobalSection(SolutionConfigurationPlatforms) = preSolution
		Debug|x64 = Debug|x64
		Debug|x86 = Debug|x86
		Release|x64 = Release|x64
		Release|x86 = Release|x86
	EndGlobalSection
	GlobalSection(ProjectConfigurationPlatforms) = postSolution
		{40133DE4-0CDB-4D57-91E3-8E5D5F5CE603}.Debug|x64.ActiveCfg = Debug|x64
		{40133DE4-0CDB-4D57-91E3-8E5D5F5CE603}.Debug|x64.Build.0 = Debug|x64
		{40133DE4-0CDB-4D57-91E3-8E5D5F5CE603}.Debug|x86.ActiveCfg = Debug|Win32
		{40133DE4-0CDB-4D57-91E3-8E5D5F5CE603}.Debug|x86.Build.0 = Debug|Win32
		{40133DE4-0CDB-4D57-91E3-8E5D5F5CE603}.Release|x64.ActiveCfg = Release|x64
		{40133DE4-0CDB-4D57-91E3-8E5D5F5CE603}.Release|x64.Build.0 = Release|x64
		{40133DE4-0CDB-4D57-91E3-8E5D5F5CE603}.Release|x86.ActiveCfg = Release|Win32
		{40133DE4-0CDB-4D57-91E3-8E5D5F5CE603}.Release|x86.Build.0 = Release|Win32
		{2E253799-7549-4BC5-9584-5F1F9452DD45}.Debug|x64.ActiveCfg = Debug|x64
		{2E253799-7549-4BC5-9584-5F1F9452DD45}.Debug|x64.Build.0 = Debug|x64
		{2E253799-7549-4BC5-9584-5F1F9452DD45}.Debug|x86.ActiveCfg = Debug|Win32
		{2E253799-7549-4BC5-9584-5F1F9452DD45}.Debug|x86.Build.0 = Debug|Win32
		{2E253799-7549-4BC5-9584-5F1F9452DD45}.Release|x64.ActiveCfg = Release|x64
		{2E253799-7549-4BC5-9584-5F1F9452DD45}.Release|x64.Build.0 = Release|x64
		{2E253799-7549-4BC5-9584-5F1F9452DD45}.Release|x86.ActiveCfg = Release|Win32
		{2E253799-7549-4BC5-9584-5F1F9452DD45}.Release|x86.Build.0 = Release|Win32
		{FB7EDDF6-C90F-47BD-A592-CF81BA2C1ECD}.Debug|x64.ActiveCfg = Debug|x64
		{FB7EDDF6-C90F-47BD-A592-CF81BA2C1ECD}.Debug|x64.Build.0 = Debug|x64
		{FB7EDDF6-C90F-47BD-A592-CF81BA2C1ECD}.Debug|x86.ActiveCfg = Debug|Win32
		{FB7EDDF6-C90F-47BD-A592-CF81BA2C1ECD}.Debug|x86.Build.0 = Debug|Win32
		{FB7EDDF6-C90F-47BD-A592-CF81BA2C1ECD}.Release|x64.ActiveCfg = Release|x64
		{FB7EDDF6-C90F-47BD-A592-CF81BA2C1ECD}.Release|x64.Build.0 = Release|x64
		{FB7EDDF6-C90F-47BD-A592-CF81BA2C1ECD}.Release|x86.ActiveCfg = Release|Win32
		{FB7EDDF6-C90F-47BD-A592-CF81BA2C1ECD}.Release|x86.Build.0 = Release|Win32
		{AB334AF4-30EA-475B-8C63-EE4DE72EAA89}.Debug|x64.ActiveCfg = Debug|x64
		{AB334AF4-30EA-475B-8C63-EE4DE72EAA89}.Debug|x64.Build.0 = Debug|x64
		{AB334AF4-30EA-475B-8C63-EE4DE72EAA89}.Debug|x86.ActiveCfg = Debug|Win32
		{AB334AF4-30EA-475B-8C63-EE4DE72EAA89}.Debug|x86.Build.0 = Debug|Win32
		{AB334AF4-30EA-475B-8C63-EE4DE72EAA89}.Release|x64.ActiveCfg = Release|x64
		{AB334AF4-30EA-475B-8C63-EE4DE72EAA89}.Release|x64.Build.0 = Release|x64
		{AB334AF4-30EA-475B-8C63-EE4DE72EAA89}.Release|x86.ActiveCfg = Release|Win32
		{AB334AF4-30EA-475B-8C63-EE4DE72EAA89}.Release|x86.Build.0 = Release|Win32
		{6151A3EE-2127-4C54-86C3-B38C05633B81}.Debug|x64.ActiveCfg = Debug|x64
		{6151A3EE-2127-4C54-86C3-B38C05633B81}.Debug|x64.Build.0 = Debug|x64
		{6151A3EE-2127-4C54-86C3-B38C05633B81}.Debug|x86.ActiveCfg = Debug|Win32
		{6151A3EE-2127-4C54-86C3-B38C05633B81}.Debug|x86.Build.0 = Debug|Win32
		{6151A3EE-2127-4C54-86C3-B38C05633B81}.Release|x64.ActiveCfg = Release|x64
		{6151A3EE-2127-4C54-86C3-B38C05633B81}.Release|x64.Build.0 = Release|x64
		{6151A3EE-2127-4C54-86C3-B38C05633B81}.Release|x86.ActiveCfg = Release|Win32
		{6151A3EE-2127-4C54-86C3-B38C05633B81}.Release|x86.Build.0 = Release|Win32
		{F745C851-7852-49BC-B7EC-4642D6F78486}.Debug|x64.ActiveCfg = Debug|x64
		{F745C851-7852-49BC-B7EC-4642D6F78486}.Debug|x64.Build.0 = Debug|x64
		{F745C851-7852-49BC-B7EC-4642D6F78486}.Debug|x86.ActiveCfg = Debug|Win32
		{F745C851-7852-49BC-B7EC-4642D6F78486}.Debug|x86.Build.0 = Debug|Win32
		{F745C851-7852-49BC-B7EC-4642D6F78486}.Release|x64.ActiveCfg = Release|x64
		{F745C851-7852-49BC-B7EC-4642D6F78486}.Release|x64.Build.0 = Release|x64
		{F745C851-7852-49BC-B7EC-4642D6F78486}.Release|x86.ActiveCfg = Release|Win32
		{F745C851-7852-49BC-B7EC-4642D6F78486}.Release|x86.Build.0 = Release|Win32
	EndGlobalSection
	GlobalSection(SolutionProperties) = preSolution
		HideSolutionNode = FALSE
	EndGlobalSection
	GlobalSection(NestedProjects) = preSolution
		{FB7EDDF6-C90F-47BD-A592-CF81BA2C1ECD} = {3F386CB7-2F3A-44CC-80D1-2189B99F43A6}
		{AB334AF4-30EA-475B-8C63-EE4DE72EAA89} = {3F386CB7-2F3A-44CC-80D1-2189B99F43A6}
		{6151A3EE-2127-4C54-86C3-B38C05633B81} = {3F386CB7-2F3A-44CC-80D1-2189B99F43A6}
	EndGlobalSection
	GlobalSection(ExtensibilityGlobals) = postSolution
		SolutionGuid = {1DC0FCF7-08A7-4D46-AD70-63B216B3DAF3}
	EndGlobalSection
EndGlobal
