
Microsoft Visual Studio Solution File, Format Version 12.00
# Visual Studio 15
VisualStudioVersion = 15.0.28307.106
MinimumVisualStudioVersion = 10.0.40219.1
Project("{8BC9CEB8-8B4A-11D0-8D11-00A0C91BC942}") = "Common", "Common\Common.vcxproj", "{40133DE4-0CDB-4D57-91E3-8E5D5F5CE603}"
EndProject
Project("{2150E333-8FDC-42A3-9474-1A3956D46DE8}") = "Exercise", "Exercise", "{3F386CB7-2F3A-44CC-80D1-2189B99F43A6}"
EndProject
Project("{8BC9CEB8-8B4A-11D0-8D11-00A0C91BC942}") = "HelloTriangle_Exercise", "Excercise\HelloTriangle_Exercise\HelloTriangle_Exercise.vcxproj", "{FB7EDDF6-C90F-47BD-A592-CF81BA2C1ECD}"
EndProject
Project("{8BC9CEB8-8B4A-11D0-8D11-00A0C91BC942}") = "HelloTriangle_Exercise2", "Excercise\HelloTriangle_Exercise2\HelloTriangle_Exercise2.vcxproj", "{AB334AF4-30EA-475B-8C63-EE4DE72EAA89}"
	ProjectSection(ProjectDependencies) = postProject
		{40133DE4-0CDB-4D57-91E3-8E5D5F5CE603} = {40133DE4-0CDB-4D57-91E3-8E5D5F5CE603}
	EndProjectSection
EndProject
Project("{8BC9CEB8-8B4A-11D0-8D11-00A0C91BC942}") = "HelloTriangle_Excercise3", "Excercise\HelloTriangle_Excercise3\HelloTriangle_Excercise3.vcxproj", "{6151A3EE-2127-4C54-86C3-B38C05633B81}"
	ProjectSection(ProjectDependencies) = postProject
		{40133DE4-0CDB-4D57-91E3-8E5D5F5CE603} = {40133DE4-0CDB-4D57-91E3-8E5D5F5CE603}
	EndProjectSection
EndProject
Project("{8BC9CEB8-8B4A-11D0-8D11-00A0C91BC942}") = "ShaderUniform", "GettingStarted\ShaderUniform\ShaderUniform.vcxproj", "{FCA8811C-15D6-4E87-A695-C0EC6325301E}"
EndProject
Project("{2150E333-8FDC-42A3-9474-1A3956D46DE8}") = "GettingStarted", "GettingStarted", "{70670742-E141-437D-AA57-45B99DEA26A6}"
EndProject
Project("{8BC9CEB8-8B4A-11D0-8D11-00A0C91BC942}") = "Hello_Triangle", "GettingStarted\Hello_Triangle\Hello_Triangle.vcxproj", "{2E253799-7549-4BC5-9584-5F1F9452DD45}"
EndProject
Project("{8BC9CEB8-8B4A-11D0-8D11-00A0C91BC942}") = "ShaderAttributes", "GettingStarted\ShaderAttributes\ShaderAttributes.vcxproj", "{C61CD99F-A54D-41DB-AFB5-A7649D218181}"
EndProject
Project("{8BC9CEB8-8B4A-11D0-8D11-00A0C91BC942}") = "Shader_Exercise1", "Excercise\Shader_Exercise1\Shader_Exercise1.vcxproj", "{0508BD7D-6179-4A42-ABE6-4516F560AC09}"
	ProjectSection(ProjectDependencies) = postProject
		{40133DE4-0CDB-4D57-91E3-8E5D5F5CE603} = {40133DE4-0CDB-4D57-91E3-8E5D5F5CE603}
	EndProjectSection
EndProject
Project("{8BC9CEB8-8B4A-11D0-8D11-00A0C91BC942}") = "Shader_Exercise2", "Excercise\Shader_Exercise2\Shader_Exercise2.vcxproj", "{7B120050-48E0-40D1-8416-6E6DD9152FC4}"
EndProject
Project("{8BC9CEB8-8B4A-11D0-8D11-00A0C91BC942}") = "Shader_Exercise3", "Excercise\Shader_Exercise3\Shader_Exercise3.vcxproj", "{A70690E4-5F21-4999-9F84-C3C70F06C1CC}"
EndProject
Project("{8BC9CEB8-8B4A-11D0-8D11-00A0C91BC942}") = "Textures", "GettingStarted\Textures\Textures.vcxproj", "{CF0C0283-8051-4E20-AAC6-19B38C458364}"
EndProject
Project("{8BC9CEB8-8B4A-11D0-8D11-00A0C91BC942}") = "Texture_Exercise1", "Excercise\Texture_Exercise1\Texture_Exercise1.vcxproj", "{566C504F-6AD1-4465-9471-475B81EE5556}"
EndProject
Project("{8BC9CEB8-8B4A-11D0-8D11-00A0C91BC942}") = "Texture_Exercise2", "Excercise\Texture_Exercise2\Texture_Exercise2.vcxproj", "{8D5177FC-3B0C-4089-8D26-252685036BF4}"
EndProject
Project("{8BC9CEB8-8B4A-11D0-8D11-00A0C91BC942}") = "Texture_Exercise3", "Excercise\Texture_Exercise3\Texture_Exercise3.vcxproj", "{BD0F972C-0216-44C2-B79C-06EC2B11B7C5}"
EndProject
Project("{8BC9CEB8-8B4A-11D0-8D11-00A0C91BC942}") = "Texture_Excercise4", "Excercise\Texture_Excercise4\Texture_Excercise4.vcxproj", "{E0B85E26-83FD-4A00-B738-18C7C2DFD784}"
EndProject
Project("{8BC9CEB8-8B4A-11D0-8D11-00A0C91BC942}") = "Transformations", "GettingStarted\Transformations\Transformations.vcxproj", "{CFA51C99-F8B2-4DF1-8B68-ECE88248E672}"
EndProject
Project("{8BC9CEB8-8B4A-11D0-8D11-00A0C91BC942}") = "Transformations_Exercise1", "Excercise\Transformations_Exercise1\Transformations_Exercise1.vcxproj", "{B661D443-D866-43FE-A4B1-538721E933C2}"
EndProject
Project("{8BC9CEB8-8B4A-11D0-8D11-00A0C91BC942}") = "Transformations_Exercise2", "Excercise\Transformations_Exercise2\Transformations_Exercise2.vcxproj", "{DC4D667B-57BD-4465-803F-65095F1A6694}"
EndProject
Project("{8BC9CEB8-8B4A-11D0-8D11-00A0C91BC942}") = "CoordinateSystem", "GettingStarted\CoordinateSystem\CoordinateSystem.vcxproj", "{C23CBFCB-93A0-4A84-A4DE-8703EAE28A90}"
EndProject
Project("{8BC9CEB8-8B4A-11D0-8D11-00A0C91BC942}") = "CoordinateSystem_Depth", "GettingStarted\CoordinateSystem_Depth\CoordinateSystem_Depth.vcxproj", "{2C98D931-5353-4271-899D-B6B1259FBD7F}"
EndProject
Project("{8BC9CEB8-8B4A-11D0-8D11-00A0C91BC942}") = "CoordinateSystem_MoreCubes", "GettingStarted\CoordinateSystem_MoreCubes\CoordinateSystem_MoreCubes.vcxproj", "{565213F1-8912-4033-9628-9C8A70E73C51}"
EndProject
Project("{8BC9CEB8-8B4A-11D0-8D11-00A0C91BC942}") = "CoordinateSYstem_Exercise1_2", "Excercise\CoordinateSYstem_Exercise1_2\CoordinateSYstem_Exercise1_2.vcxproj", "{237F96D6-0726-4598-B83F-51F1EDADABE5}"
EndProject
Project("{8BC9CEB8-8B4A-11D0-8D11-00A0C91BC942}") = "CoordinateSystem_Exercise3", "Excercise\CoordinateSystem_Exercise3\CoordinateSystem_Exercise3.vcxproj", "{3800AE7E-0AFD-446F-9590-3B0A20EE68F8}"
EndProject
Project("{8BC9CEB8-8B4A-11D0-8D11-00A0C91BC942}") = "Camear_LookAt", "GettingStarted\Camear_LookAt\Camear_LookAt.vcxproj", "{58CECFC5-F31E-4693-BB77-48C007716EF9}"
EndProject
Project("{8BC9CEB8-8B4A-11D0-8D11-00A0C91BC942}") = "Camera_WalkAround", "GettingStarted\Camera_WalkAround\Camera_WalkAround.vcxproj", "{E95EEA16-327D-440D-BAA3-B50B82AFBFA6}"
EndProject
Project("{8BC9CEB8-8B4A-11D0-8D11-00A0C91BC942}") = "Camera_Exercise1", "Excercise\Camera_Exercise1\Camera_Exercise1.vcxproj", "{2B0E3A45-B30E-44E3-A9A1-AAF81EDA5D4B}"
EndProject
Project("{8BC9CEB8-8B4A-11D0-8D11-00A0C91BC942}") = "Camera_Exercise2", "Excercise\Camera_Exercise2\Camera_Exercise2.vcxproj", "{8F1C4E19-0078-4A60-9C81-1AC064922F81}"
EndProject
Project("{2150E333-8FDC-42A3-9474-1A3956D46DE8}") = "Lighting", "Lighting", "{82D9BE73-17FD-455A-91CF-DD9B4B137ACE}"
EndProject
Project("{8BC9CEB8-8B4A-11D0-8D11-00A0C91BC942}") = "Colors", "Lighting\Colors\Colors.vcxproj", "{2F5EBFE3-23AB-49BE-AAA8-714EAB4EFFED}"
EndProject
Project("{8BC9CEB8-8B4A-11D0-8D11-00A0C91BC942}") = "BasicLighting", "Lighting\BasicLighting\BasicLighting.vcxproj", "{9A789B48-D6D4-4A46-9C96-138964FE4745}"
EndProject
Project("{8BC9CEB8-8B4A-11D0-8D11-00A0C91BC942}") = "BasicLighting_Exercise1", "Excercise\BasicLighting_Exercise1\BasicLighting_Exercise1.vcxproj", "{66823863-97F8-4D59-B563-7A8B1110685D}"
EndProject
Project("{8BC9CEB8-8B4A-11D0-8D11-00A0C91BC942}") = "BasicLighting_Exercise2", "Excercise\BasicLighting_Exercise2\BasicLighting_Exercise2.vcxproj", "{0BD88716-BD94-4769-BCC2-6E9AFD904922}"
EndProject
Project("{8BC9CEB8-8B4A-11D0-8D11-00A0C91BC942}") = "BasicLighting_Exercise3", "Excercise\BasicLighting_Exercise3\BasicLighting_Exercise3.vcxproj", "{F7E59039-3A3D-4A16-BFF0-D97B683F35ED}"
EndProject
Project("{8BC9CEB8-8B4A-11D0-8D11-00A0C91BC942}") = "BasicLighting_Exercise4", "Excercise\BasicLighting_Exercise4\BasicLighting_Exercise4.vcxproj", "{F75F22AD-49CB-4FB5-9BE9-F63C59695A87}"
EndProject
Project("{8BC9CEB8-8B4A-11D0-8D11-00A0C91BC942}") = "Matrials", "Lighting\Matrials\Matrials.vcxproj", "{E400EB89-8117-4269-A82D-FF0DEFEEE784}"
EndProject
Project("{8BC9CEB8-8B4A-11D0-8D11-00A0C91BC942}") = "Materials_Exercise1", "Excercise\Materials_Exercise1\Materials_Exercise1.vcxproj", "{15F3DDA7-9283-4DDA-BF69-A7D2B8899F1B}"
EndProject
Project("{8BC9CEB8-8B4A-11D0-8D11-00A0C91BC942}") = "LightingMaps", "Lighting\LightingMaps\LightingMaps.vcxproj", "{C403320A-B127-4DFC-A95B-1C94E584B976}"
EndProject
Project("{8BC9CEB8-8B4A-11D0-8D11-00A0C91BC942}") = "LightingMaps_Exercise1", "Excercise\LightingMaps_Exercise1\LightingMaps_Exercise1.vcxproj", "{DD72B647-BBD8-44C8-B988-CA7B607BA2A1}"
EndProject
Project("{8BC9CEB8-8B4A-11D0-8D11-00A0C91BC942}") = "LightingMaps_Exercise2", "Excercise\LightingMaps_Exercise2\LightingMaps_Exercise2.vcxproj", "{305A0312-9D3B-49FE-97D5-BE2A72AC5200}"
EndProject
Project("{8BC9CEB8-8B4A-11D0-8D11-00A0C91BC942}") = "LightingMaps_Exercise3", "Excercise\LightingMaps_Exercise3\LightingMaps_Exercise3.vcxproj", "{D49C3185-B9C6-4719-97B4-226930BCE952}"
EndProject
Project("{8BC9CEB8-8B4A-11D0-8D11-00A0C91BC942}") = "LightingMaps_Exercise4", "Excercise\LightingMaps_Exercise4\LightingMaps_Exercise4.vcxproj", "{0F93BFF8-3EBE-4006-A5C5-14292C841488}"
EndProject
Project("{8BC9CEB8-8B4A-11D0-8D11-00A0C91BC942}") = "LightCasters_DirectionalLight", "Lighting\LightCasters_DirectionalLight\LightCasters_DirectionalLight.vcxproj", "{8C90F538-401D-42AA-8D51-4F8552DDE777}"
EndProject
Project("{8BC9CEB8-8B4A-11D0-8D11-00A0C91BC942}") = "LightCasters_PointLight", "Lighting\LightCasters_PointLight\LightCasters_PointLight.vcxproj", "{98855268-E880-4416-9C33-59706678A378}"
EndProject
Project("{8BC9CEB8-8B4A-11D0-8D11-00A0C91BC942}") = "LightCasters_Spotlight", "Lighting\LightCasters_Spotlight\LightCasters_Spotlight.vcxproj", "{9436FBDA-BE28-4DC8-827B-378656CF071F}"
EndProject
Project("{8BC9CEB8-8B4A-11D0-8D11-00A0C91BC942}") = "LightCasters_Spotlight_SoftEdges", "Lighting\LightCasters_Spotlight_SoftEdges\LightCasters_Spotlight_SoftEdges.vcxproj", "{2C02E62D-81B6-42F9-9910-BFA525DD30E7}"
EndProject
Project("{8BC9CEB8-8B4A-11D0-8D11-00A0C91BC942}") = "MultipleLights", "Lighting\MultipleLights\MultipleLights.vcxproj", "{63258663-1A8B-4BF9-B8FB-7BEE28AFBB3C}"
EndProject
Project("{2150E333-8FDC-42A3-9474-1A3956D46DE8}") = "ModelLoading", "ModelLoading", "{FFA7BE6E-2999-4569-9E38-4088AFB06C1D}"
EndProject
Project("{8BC9CEB8-8B4A-11D0-8D11-00A0C91BC942}") = "ModelLoading", "ModelLoading\ModelLoading\ModelLoading.vcxproj", "{C7F16C80-7FC5-4DE2-862C-ADB4C362F99F}"
EndProject
Project("{8BC9CEB8-8B4A-11D0-8D11-00A0C91BC942}") = "ModelLoading_Lighting", "ModelLoading\ModelLoading_Lighting\ModelLoading_Lighting.vcxproj", "{B3D6EE11-2683-4684-A80A-2A4D6BC20781}"
EndProject
Project("{2150E333-8FDC-42A3-9474-1A3956D46DE8}") = "AdvancedOpenGL", "AdvancedOpenGL", "{F4B3596C-F8BE-4E46-9850-E3F6DCE8433B}"
EndProject
Project("{8BC9CEB8-8B4A-11D0-8D11-00A0C91BC942}") = "DepthTesting", "AdvancedOpenGL\DepthTesting\DepthTesting.vcxproj", "{9ADAD551-4CDB-428E-86B6-5432E0B38A41}"
EndProject
Project("{8BC9CEB8-8B4A-11D0-8D11-00A0C91BC942}") = "DepthTesting_VisulizingDepthBuffer", "AdvancedOpenGL\DepthTesting_VisulizingDepthBuffer\DepthTesting_VisulizingDepthBuffer.vcxproj", "{731A2D5F-2F3C-4AB0-B52E-F89FC1B06D27}"
EndProject
Project("{8BC9CEB8-8B4A-11D0-8D11-00A0C91BC942}") = "StencilTesting", "AdvancedOpenGL\StencilTesting\StencilTesting.vcxproj", "{43A86132-2862-4FB9-A20A-EB314AE90883}"
EndProject
Project("{8BC9CEB8-8B4A-11D0-8D11-00A0C91BC942}") = "Blending", "AdvancedOpenGL\Blending\Blending.vcxproj", "{8CF27A8C-BF27-4620-8AEE-29B8EFFCDC66}"
EndProject
Project("{8BC9CEB8-8B4A-11D0-8D11-00A0C91BC942}") = "Blending_sorted", "AdvancedOpenGL\Blending_sorted\Blending_sorted.vcxproj", "{F9ACCB4A-6AEA-4213-A6B5-0C8245F69B5D}"
EndProject
Project("{8BC9CEB8-8B4A-11D0-8D11-00A0C91BC942}") = "FaceCulling", "AdvancedOpenGL\FaceCulling\FaceCulling.vcxproj", "{3748BD5E-5819-4C0C-921A-EC3060DA7F7B}"
EndProject
Project("{8BC9CEB8-8B4A-11D0-8D11-00A0C91BC942}") = "FaceCulling_Exercise1", "Excercise\FaceCulling_Exercise1\FaceCulling_Exercise1.vcxproj", "{3C3AA84D-B443-4F9E-9E77-9649EC1EF0D5}"
EndProject
Project("{8BC9CEB8-8B4A-11D0-8D11-00A0C91BC942}") = "Framebuffer", "AdvancedOpenGL\Framebuffer\Framebuffer.vcxproj", "{DC180754-CC31-47B6-9EA2-54352AF96867}"
EndProject
Project("{8BC9CEB8-8B4A-11D0-8D11-00A0C91BC942}") = "Framebuffer_Grayscale", "AdvancedOpenGL\Framebuffer_Grayscale\Framebuffer_Grayscale.vcxproj", "{7517BBE5-B2BF-4EFA-8C3F-B7F7C2D08F9C}"
EndProject
Project("{8BC9CEB8-8B4A-11D0-8D11-00A0C91BC942}") = "Framebuffer_kernel", "AdvancedOpenGL\Framebuffer_kernel\Framebuffer_kernel.vcxproj", "{16B28C55-A402-4E9A-ABA3-8BC9D14A72D7}"
EndProject
Project("{8BC9CEB8-8B4A-11D0-8D11-00A0C91BC942}") = "Cubemap_Skybox", "AdvancedOpenGL\Cubemap_Skybox\Cubemap_Skybox.vcxproj", "{074DB3BC-3919-44E0-A10E-20AE7EEC9438}"
EndProject
Project("{8BC9CEB8-8B4A-11D0-8D11-00A0C91BC942}") = "Cubemap_Skybox_Optimized", "AdvancedOpenGL\Cubemap_Skybox_Optimized\Cubemap_Skybox_Optimized.vcxproj", "{182379C2-04F7-4C0D-A02F-F978F897111D}"
EndProject
Project("{8BC9CEB8-8B4A-11D0-8D11-00A0C91BC942}") = "Cubemap_Reflection", "AdvancedOpenGL\Cubemap_Reflection\Cubemap_Reflection.vcxproj", "{04351EDD-C636-4988-8DC3-C738BC941BEC}"
EndProject
Project("{8BC9CEB8-8B4A-11D0-8D11-00A0C91BC942}") = "Cubemap_Refraction", "AdvancedOpenGL\Cubemap_Refraction\Cubemap_Refraction.vcxproj", "{B7560C91-AC25-48A3-A8D3-5F7E2283C773}"
EndProject
Project("{8BC9CEB8-8B4A-11D0-8D11-00A0C91BC942}") = "AdvancedGLSL_UBO", "AdvancedOpenGL\AdvancedGLSL_UBO\AdvancedGLSL_UBO.vcxproj", "{0C304EB0-12D9-4C52-BC4C-62FD18465E8C}"
EndProject
Project("{8BC9CEB8-8B4A-11D0-8D11-00A0C91BC942}") = "GeometryShader_House", "AdvancedOpenGL\GeometryShader_House\GeometryShader_House.vcxproj", "{48B45A79-B5B9-49D4-87D1-44E44EDA2C29}"
EndProject
Project("{8BC9CEB8-8B4A-11D0-8D11-00A0C91BC942}") = "GeometryShader_Exploding", "AdvancedOpenGL\GeometryShader_Exploding\GeometryShader_Exploding.vcxproj", "{039AD189-0E49-45FD-80D1-3D640484B745}"
EndProject
Project("{8BC9CEB8-8B4A-11D0-8D11-00A0C91BC942}") = "GeometryShader_VisualizingNormal", "AdvancedOpenGL\GeometryShader_VisualizingNormal\GeometryShader_VisualizingNormal.vcxproj", "{D79375B1-1B8A-44EF-B90A-F4FDC15FCAFD}"
EndProject
Global
	GlobalSection(SolutionConfigurationPlatforms) = preSolution
		Debug|Any CPU = Debug|Any CPU
		Debug|x64 = Debug|x64
		Debug|x86 = Debug|x86
		Release|Any CPU = Release|Any CPU
		Release|x64 = Release|x64
		Release|x86 = Release|x86
	EndGlobalSection
	GlobalSection(ProjectConfigurationPlatforms) = postSolution
		{40133DE4-0CDB-4D57-91E3-8E5D5F5CE603}.Debug|Any CPU.ActiveCfg = Debug|Win32
		{40133DE4-0CDB-4D57-91E3-8E5D5F5CE603}.Debug|x64.ActiveCfg = Debug|x64
		{40133DE4-0CDB-4D57-91E3-8E5D5F5CE603}.Debug|x64.Build.0 = Debug|x64
		{40133DE4-0CDB-4D57-91E3-8E5D5F5CE603}.Debug|x86.ActiveCfg = Debug|Win32
		{40133DE4-0CDB-4D57-91E3-8E5D5F5CE603}.Debug|x86.Build.0 = Debug|Win32
		{40133DE4-0CDB-4D57-91E3-8E5D5F5CE603}.Release|Any CPU.ActiveCfg = Release|Win32
		{40133DE4-0CDB-4D57-91E3-8E5D5F5CE603}.Release|x64.ActiveCfg = Release|x64
		{40133DE4-0CDB-4D57-91E3-8E5D5F5CE603}.Release|x64.Build.0 = Release|x64
		{40133DE4-0CDB-4D57-91E3-8E5D5F5CE603}.Release|x86.ActiveCfg = Release|Win32
		{40133DE4-0CDB-4D57-91E3-8E5D5F5CE603}.Release|x86.Build.0 = Release|Win32
		{FB7EDDF6-C90F-47BD-A592-CF81BA2C1ECD}.Debug|Any CPU.ActiveCfg = Debug|Win32
		{FB7EDDF6-C90F-47BD-A592-CF81BA2C1ECD}.Debug|x64.ActiveCfg = Debug|x64
		{FB7EDDF6-C90F-47BD-A592-CF81BA2C1ECD}.Debug|x64.Build.0 = Debug|x64
		{FB7EDDF6-C90F-47BD-A592-CF81BA2C1ECD}.Debug|x86.ActiveCfg = Debug|Win32
		{FB7EDDF6-C90F-47BD-A592-CF81BA2C1ECD}.Debug|x86.Build.0 = Debug|Win32
		{FB7EDDF6-C90F-47BD-A592-CF81BA2C1ECD}.Release|Any CPU.ActiveCfg = Release|Win32
		{FB7EDDF6-C90F-47BD-A592-CF81BA2C1ECD}.Release|x64.ActiveCfg = Release|x64
		{FB7EDDF6-C90F-47BD-A592-CF81BA2C1ECD}.Release|x64.Build.0 = Release|x64
		{FB7EDDF6-C90F-47BD-A592-CF81BA2C1ECD}.Release|x86.ActiveCfg = Release|Win32
		{FB7EDDF6-C90F-47BD-A592-CF81BA2C1ECD}.Release|x86.Build.0 = Release|Win32
		{AB334AF4-30EA-475B-8C63-EE4DE72EAA89}.Debug|Any CPU.ActiveCfg = Debug|Win32
		{AB334AF4-30EA-475B-8C63-EE4DE72EAA89}.Debug|x64.ActiveCfg = Debug|x64
		{AB334AF4-30EA-475B-8C63-EE4DE72EAA89}.Debug|x64.Build.0 = Debug|x64
		{AB334AF4-30EA-475B-8C63-EE4DE72EAA89}.Debug|x86.ActiveCfg = Debug|Win32
		{AB334AF4-30EA-475B-8C63-EE4DE72EAA89}.Debug|x86.Build.0 = Debug|Win32
		{AB334AF4-30EA-475B-8C63-EE4DE72EAA89}.Release|Any CPU.ActiveCfg = Release|Win32
		{AB334AF4-30EA-475B-8C63-EE4DE72EAA89}.Release|x64.ActiveCfg = Release|x64
		{AB334AF4-30EA-475B-8C63-EE4DE72EAA89}.Release|x64.Build.0 = Release|x64
		{AB334AF4-30EA-475B-8C63-EE4DE72EAA89}.Release|x86.ActiveCfg = Release|Win32
		{AB334AF4-30EA-475B-8C63-EE4DE72EAA89}.Release|x86.Build.0 = Release|Win32
		{6151A3EE-2127-4C54-86C3-B38C05633B81}.Debug|Any CPU.ActiveCfg = Debug|Win32
		{6151A3EE-2127-4C54-86C3-B38C05633B81}.Debug|x64.ActiveCfg = Debug|x64
		{6151A3EE-2127-4C54-86C3-B38C05633B81}.Debug|x64.Build.0 = Debug|x64
		{6151A3EE-2127-4C54-86C3-B38C05633B81}.Debug|x86.ActiveCfg = Debug|Win32
		{6151A3EE-2127-4C54-86C3-B38C05633B81}.Debug|x86.Build.0 = Debug|Win32
		{6151A3EE-2127-4C54-86C3-B38C05633B81}.Release|Any CPU.ActiveCfg = Release|Win32
		{6151A3EE-2127-4C54-86C3-B38C05633B81}.Release|x64.ActiveCfg = Release|x64
		{6151A3EE-2127-4C54-86C3-B38C05633B81}.Release|x64.Build.0 = Release|x64
		{6151A3EE-2127-4C54-86C3-B38C05633B81}.Release|x86.ActiveCfg = Release|Win32
		{6151A3EE-2127-4C54-86C3-B38C05633B81}.Release|x86.Build.0 = Release|Win32
		{FCA8811C-15D6-4E87-A695-C0EC6325301E}.Debug|Any CPU.ActiveCfg = Debug|Win32
		{FCA8811C-15D6-4E87-A695-C0EC6325301E}.Debug|x64.ActiveCfg = Debug|x64
		{FCA8811C-15D6-4E87-A695-C0EC6325301E}.Debug|x64.Build.0 = Debug|x64
		{FCA8811C-15D6-4E87-A695-C0EC6325301E}.Debug|x86.ActiveCfg = Debug|Win32
		{FCA8811C-15D6-4E87-A695-C0EC6325301E}.Debug|x86.Build.0 = Debug|Win32
		{FCA8811C-15D6-4E87-A695-C0EC6325301E}.Release|Any CPU.ActiveCfg = Release|Win32
		{FCA8811C-15D6-4E87-A695-C0EC6325301E}.Release|x64.ActiveCfg = Release|x64
		{FCA8811C-15D6-4E87-A695-C0EC6325301E}.Release|x64.Build.0 = Release|x64
		{FCA8811C-15D6-4E87-A695-C0EC6325301E}.Release|x86.ActiveCfg = Release|Win32
		{FCA8811C-15D6-4E87-A695-C0EC6325301E}.Release|x86.Build.0 = Release|Win32
		{2E253799-7549-4BC5-9584-5F1F9452DD45}.Debug|Any CPU.ActiveCfg = Debug|Win32
		{2E253799-7549-4BC5-9584-5F1F9452DD45}.Debug|x64.ActiveCfg = Debug|x64
		{2E253799-7549-4BC5-9584-5F1F9452DD45}.Debug|x64.Build.0 = Debug|x64
		{2E253799-7549-4BC5-9584-5F1F9452DD45}.Debug|x86.ActiveCfg = Debug|Win32
		{2E253799-7549-4BC5-9584-5F1F9452DD45}.Debug|x86.Build.0 = Debug|Win32
		{2E253799-7549-4BC5-9584-5F1F9452DD45}.Release|Any CPU.ActiveCfg = Release|Win32
		{2E253799-7549-4BC5-9584-5F1F9452DD45}.Release|x64.ActiveCfg = Release|x64
		{2E253799-7549-4BC5-9584-5F1F9452DD45}.Release|x64.Build.0 = Release|x64
		{2E253799-7549-4BC5-9584-5F1F9452DD45}.Release|x86.ActiveCfg = Release|Win32
		{2E253799-7549-4BC5-9584-5F1F9452DD45}.Release|x86.Build.0 = Release|Win32
		{C61CD99F-A54D-41DB-AFB5-A7649D218181}.Debug|Any CPU.ActiveCfg = Debug|Win32
		{C61CD99F-A54D-41DB-AFB5-A7649D218181}.Debug|x64.ActiveCfg = Debug|x64
		{C61CD99F-A54D-41DB-AFB5-A7649D218181}.Debug|x64.Build.0 = Debug|x64
		{C61CD99F-A54D-41DB-AFB5-A7649D218181}.Debug|x86.ActiveCfg = Debug|Win32
		{C61CD99F-A54D-41DB-AFB5-A7649D218181}.Debug|x86.Build.0 = Debug|Win32
		{C61CD99F-A54D-41DB-AFB5-A7649D218181}.Release|Any CPU.ActiveCfg = Release|Win32
		{C61CD99F-A54D-41DB-AFB5-A7649D218181}.Release|x64.ActiveCfg = Release|x64
		{C61CD99F-A54D-41DB-AFB5-A7649D218181}.Release|x64.Build.0 = Release|x64
		{C61CD99F-A54D-41DB-AFB5-A7649D218181}.Release|x86.ActiveCfg = Release|Win32
		{C61CD99F-A54D-41DB-AFB5-A7649D218181}.Release|x86.Build.0 = Release|Win32
		{0508BD7D-6179-4A42-ABE6-4516F560AC09}.Debug|Any CPU.ActiveCfg = Debug|Win32
		{0508BD7D-6179-4A42-ABE6-4516F560AC09}.Debug|x64.ActiveCfg = Debug|x64
		{0508BD7D-6179-4A42-ABE6-4516F560AC09}.Debug|x64.Build.0 = Debug|x64
		{0508BD7D-6179-4A42-ABE6-4516F560AC09}.Debug|x86.ActiveCfg = Debug|Win32
		{0508BD7D-6179-4A42-ABE6-4516F560AC09}.Debug|x86.Build.0 = Debug|Win32
		{0508BD7D-6179-4A42-ABE6-4516F560AC09}.Release|Any CPU.ActiveCfg = Release|Win32
		{0508BD7D-6179-4A42-ABE6-4516F560AC09}.Release|x64.ActiveCfg = Release|x64
		{0508BD7D-6179-4A42-ABE6-4516F560AC09}.Release|x64.Build.0 = Release|x64
		{0508BD7D-6179-4A42-ABE6-4516F560AC09}.Release|x86.ActiveCfg = Release|Win32
		{0508BD7D-6179-4A42-ABE6-4516F560AC09}.Release|x86.Build.0 = Release|Win32
		{7B120050-48E0-40D1-8416-6E6DD9152FC4}.Debug|Any CPU.ActiveCfg = Debug|Win32
		{7B120050-48E0-40D1-8416-6E6DD9152FC4}.Debug|x64.ActiveCfg = Debug|x64
		{7B120050-48E0-40D1-8416-6E6DD9152FC4}.Debug|x64.Build.0 = Debug|x64
		{7B120050-48E0-40D1-8416-6E6DD9152FC4}.Debug|x86.ActiveCfg = Debug|Win32
		{7B120050-48E0-40D1-8416-6E6DD9152FC4}.Debug|x86.Build.0 = Debug|Win32
		{7B120050-48E0-40D1-8416-6E6DD9152FC4}.Release|Any CPU.ActiveCfg = Release|Win32
		{7B120050-48E0-40D1-8416-6E6DD9152FC4}.Release|x64.ActiveCfg = Release|x64
		{7B120050-48E0-40D1-8416-6E6DD9152FC4}.Release|x64.Build.0 = Release|x64
		{7B120050-48E0-40D1-8416-6E6DD9152FC4}.Release|x86.ActiveCfg = Release|Win32
		{7B120050-48E0-40D1-8416-6E6DD9152FC4}.Release|x86.Build.0 = Release|Win32
		{A70690E4-5F21-4999-9F84-C3C70F06C1CC}.Debug|Any CPU.ActiveCfg = Debug|Win32
		{A70690E4-5F21-4999-9F84-C3C70F06C1CC}.Debug|x64.ActiveCfg = Debug|x64
		{A70690E4-5F21-4999-9F84-C3C70F06C1CC}.Debug|x64.Build.0 = Debug|x64
		{A70690E4-5F21-4999-9F84-C3C70F06C1CC}.Debug|x86.ActiveCfg = Debug|Win32
		{A70690E4-5F21-4999-9F84-C3C70F06C1CC}.Debug|x86.Build.0 = Debug|Win32
		{A70690E4-5F21-4999-9F84-C3C70F06C1CC}.Release|Any CPU.ActiveCfg = Release|Win32
		{A70690E4-5F21-4999-9F84-C3C70F06C1CC}.Release|x64.ActiveCfg = Release|x64
		{A70690E4-5F21-4999-9F84-C3C70F06C1CC}.Release|x64.Build.0 = Release|x64
		{A70690E4-5F21-4999-9F84-C3C70F06C1CC}.Release|x86.ActiveCfg = Release|Win32
		{A70690E4-5F21-4999-9F84-C3C70F06C1CC}.Release|x86.Build.0 = Release|Win32
		{CF0C0283-8051-4E20-AAC6-19B38C458364}.Debug|Any CPU.ActiveCfg = Debug|Win32
		{CF0C0283-8051-4E20-AAC6-19B38C458364}.Debug|x64.ActiveCfg = Debug|x64
		{CF0C0283-8051-4E20-AAC6-19B38C458364}.Debug|x64.Build.0 = Debug|x64
		{CF0C0283-8051-4E20-AAC6-19B38C458364}.Debug|x86.ActiveCfg = Debug|Win32
		{CF0C0283-8051-4E20-AAC6-19B38C458364}.Debug|x86.Build.0 = Debug|Win32
		{CF0C0283-8051-4E20-AAC6-19B38C458364}.Release|Any CPU.ActiveCfg = Release|Win32
		{CF0C0283-8051-4E20-AAC6-19B38C458364}.Release|x64.ActiveCfg = Release|x64
		{CF0C0283-8051-4E20-AAC6-19B38C458364}.Release|x64.Build.0 = Release|x64
		{CF0C0283-8051-4E20-AAC6-19B38C458364}.Release|x86.ActiveCfg = Release|Win32
		{CF0C0283-8051-4E20-AAC6-19B38C458364}.Release|x86.Build.0 = Release|Win32
		{566C504F-6AD1-4465-9471-475B81EE5556}.Debug|Any CPU.ActiveCfg = Debug|Win32
		{566C504F-6AD1-4465-9471-475B81EE5556}.Debug|x64.ActiveCfg = Debug|x64
		{566C504F-6AD1-4465-9471-475B81EE5556}.Debug|x64.Build.0 = Debug|x64
		{566C504F-6AD1-4465-9471-475B81EE5556}.Debug|x86.ActiveCfg = Debug|Win32
		{566C504F-6AD1-4465-9471-475B81EE5556}.Debug|x86.Build.0 = Debug|Win32
		{566C504F-6AD1-4465-9471-475B81EE5556}.Release|Any CPU.ActiveCfg = Release|Win32
		{566C504F-6AD1-4465-9471-475B81EE5556}.Release|x64.ActiveCfg = Release|x64
		{566C504F-6AD1-4465-9471-475B81EE5556}.Release|x64.Build.0 = Release|x64
		{566C504F-6AD1-4465-9471-475B81EE5556}.Release|x86.ActiveCfg = Release|Win32
		{566C504F-6AD1-4465-9471-475B81EE5556}.Release|x86.Build.0 = Release|Win32
		{8D5177FC-3B0C-4089-8D26-252685036BF4}.Debug|Any CPU.ActiveCfg = Debug|Win32
		{8D5177FC-3B0C-4089-8D26-252685036BF4}.Debug|x64.ActiveCfg = Debug|x64
		{8D5177FC-3B0C-4089-8D26-252685036BF4}.Debug|x64.Build.0 = Debug|x64
		{8D5177FC-3B0C-4089-8D26-252685036BF4}.Debug|x86.ActiveCfg = Debug|Win32
		{8D5177FC-3B0C-4089-8D26-252685036BF4}.Debug|x86.Build.0 = Debug|Win32
		{8D5177FC-3B0C-4089-8D26-252685036BF4}.Release|Any CPU.ActiveCfg = Release|Win32
		{8D5177FC-3B0C-4089-8D26-252685036BF4}.Release|x64.ActiveCfg = Release|x64
		{8D5177FC-3B0C-4089-8D26-252685036BF4}.Release|x64.Build.0 = Release|x64
		{8D5177FC-3B0C-4089-8D26-252685036BF4}.Release|x86.ActiveCfg = Release|Win32
		{8D5177FC-3B0C-4089-8D26-252685036BF4}.Release|x86.Build.0 = Release|Win32
		{BD0F972C-0216-44C2-B79C-06EC2B11B7C5}.Debug|Any CPU.ActiveCfg = Debug|Win32
		{BD0F972C-0216-44C2-B79C-06EC2B11B7C5}.Debug|x64.ActiveCfg = Debug|x64
		{BD0F972C-0216-44C2-B79C-06EC2B11B7C5}.Debug|x64.Build.0 = Debug|x64
		{BD0F972C-0216-44C2-B79C-06EC2B11B7C5}.Debug|x86.ActiveCfg = Debug|Win32
		{BD0F972C-0216-44C2-B79C-06EC2B11B7C5}.Debug|x86.Build.0 = Debug|Win32
		{BD0F972C-0216-44C2-B79C-06EC2B11B7C5}.Release|Any CPU.ActiveCfg = Release|Win32
		{BD0F972C-0216-44C2-B79C-06EC2B11B7C5}.Release|x64.ActiveCfg = Release|x64
		{BD0F972C-0216-44C2-B79C-06EC2B11B7C5}.Release|x64.Build.0 = Release|x64
		{BD0F972C-0216-44C2-B79C-06EC2B11B7C5}.Release|x86.ActiveCfg = Release|Win32
		{BD0F972C-0216-44C2-B79C-06EC2B11B7C5}.Release|x86.Build.0 = Release|Win32
		{E0B85E26-83FD-4A00-B738-18C7C2DFD784}.Debug|Any CPU.ActiveCfg = Debug|Win32
		{E0B85E26-83FD-4A00-B738-18C7C2DFD784}.Debug|x64.ActiveCfg = Debug|x64
		{E0B85E26-83FD-4A00-B738-18C7C2DFD784}.Debug|x64.Build.0 = Debug|x64
		{E0B85E26-83FD-4A00-B738-18C7C2DFD784}.Debug|x86.ActiveCfg = Debug|Win32
		{E0B85E26-83FD-4A00-B738-18C7C2DFD784}.Debug|x86.Build.0 = Debug|Win32
		{E0B85E26-83FD-4A00-B738-18C7C2DFD784}.Release|Any CPU.ActiveCfg = Release|Win32
		{E0B85E26-83FD-4A00-B738-18C7C2DFD784}.Release|x64.ActiveCfg = Release|x64
		{E0B85E26-83FD-4A00-B738-18C7C2DFD784}.Release|x64.Build.0 = Release|x64
		{E0B85E26-83FD-4A00-B738-18C7C2DFD784}.Release|x86.ActiveCfg = Release|Win32
		{E0B85E26-83FD-4A00-B738-18C7C2DFD784}.Release|x86.Build.0 = Release|Win32
		{CFA51C99-F8B2-4DF1-8B68-ECE88248E672}.Debug|Any CPU.ActiveCfg = Debug|Win32
		{CFA51C99-F8B2-4DF1-8B68-ECE88248E672}.Debug|x64.ActiveCfg = Debug|x64
		{CFA51C99-F8B2-4DF1-8B68-ECE88248E672}.Debug|x64.Build.0 = Debug|x64
		{CFA51C99-F8B2-4DF1-8B68-ECE88248E672}.Debug|x86.ActiveCfg = Debug|Win32
		{CFA51C99-F8B2-4DF1-8B68-ECE88248E672}.Debug|x86.Build.0 = Debug|Win32
		{CFA51C99-F8B2-4DF1-8B68-ECE88248E672}.Release|Any CPU.ActiveCfg = Release|Win32
		{CFA51C99-F8B2-4DF1-8B68-ECE88248E672}.Release|x64.ActiveCfg = Release|x64
		{CFA51C99-F8B2-4DF1-8B68-ECE88248E672}.Release|x64.Build.0 = Release|x64
		{CFA51C99-F8B2-4DF1-8B68-ECE88248E672}.Release|x86.ActiveCfg = Release|Win32
		{CFA51C99-F8B2-4DF1-8B68-ECE88248E672}.Release|x86.Build.0 = Release|Win32
		{B661D443-D866-43FE-A4B1-538721E933C2}.Debug|Any CPU.ActiveCfg = Debug|Win32
		{B661D443-D866-43FE-A4B1-538721E933C2}.Debug|x64.ActiveCfg = Debug|x64
		{B661D443-D866-43FE-A4B1-538721E933C2}.Debug|x64.Build.0 = Debug|x64
		{B661D443-D866-43FE-A4B1-538721E933C2}.Debug|x86.ActiveCfg = Debug|Win32
		{B661D443-D866-43FE-A4B1-538721E933C2}.Debug|x86.Build.0 = Debug|Win32
		{B661D443-D866-43FE-A4B1-538721E933C2}.Release|Any CPU.ActiveCfg = Release|Win32
		{B661D443-D866-43FE-A4B1-538721E933C2}.Release|x64.ActiveCfg = Release|x64
		{B661D443-D866-43FE-A4B1-538721E933C2}.Release|x64.Build.0 = Release|x64
		{B661D443-D866-43FE-A4B1-538721E933C2}.Release|x86.ActiveCfg = Release|Win32
		{B661D443-D866-43FE-A4B1-538721E933C2}.Release|x86.Build.0 = Release|Win32
		{DC4D667B-57BD-4465-803F-65095F1A6694}.Debug|Any CPU.ActiveCfg = Debug|Win32
		{DC4D667B-57BD-4465-803F-65095F1A6694}.Debug|x64.ActiveCfg = Debug|x64
		{DC4D667B-57BD-4465-803F-65095F1A6694}.Debug|x64.Build.0 = Debug|x64
		{DC4D667B-57BD-4465-803F-65095F1A6694}.Debug|x86.ActiveCfg = Debug|Win32
		{DC4D667B-57BD-4465-803F-65095F1A6694}.Debug|x86.Build.0 = Debug|Win32
		{DC4D667B-57BD-4465-803F-65095F1A6694}.Release|Any CPU.ActiveCfg = Release|Win32
		{DC4D667B-57BD-4465-803F-65095F1A6694}.Release|x64.ActiveCfg = Release|x64
		{DC4D667B-57BD-4465-803F-65095F1A6694}.Release|x64.Build.0 = Release|x64
		{DC4D667B-57BD-4465-803F-65095F1A6694}.Release|x86.ActiveCfg = Release|Win32
		{DC4D667B-57BD-4465-803F-65095F1A6694}.Release|x86.Build.0 = Release|Win32
		{C23CBFCB-93A0-4A84-A4DE-8703EAE28A90}.Debug|Any CPU.ActiveCfg = Debug|Win32
		{C23CBFCB-93A0-4A84-A4DE-8703EAE28A90}.Debug|x64.ActiveCfg = Debug|x64
		{C23CBFCB-93A0-4A84-A4DE-8703EAE28A90}.Debug|x64.Build.0 = Debug|x64
		{C23CBFCB-93A0-4A84-A4DE-8703EAE28A90}.Debug|x86.ActiveCfg = Debug|Win32
		{C23CBFCB-93A0-4A84-A4DE-8703EAE28A90}.Debug|x86.Build.0 = Debug|Win32
		{C23CBFCB-93A0-4A84-A4DE-8703EAE28A90}.Release|Any CPU.ActiveCfg = Release|Win32
		{C23CBFCB-93A0-4A84-A4DE-8703EAE28A90}.Release|x64.ActiveCfg = Release|x64
		{C23CBFCB-93A0-4A84-A4DE-8703EAE28A90}.Release|x64.Build.0 = Release|x64
		{C23CBFCB-93A0-4A84-A4DE-8703EAE28A90}.Release|x86.ActiveCfg = Release|Win32
		{C23CBFCB-93A0-4A84-A4DE-8703EAE28A90}.Release|x86.Build.0 = Release|Win32
		{2C98D931-5353-4271-899D-B6B1259FBD7F}.Debug|Any CPU.ActiveCfg = Debug|Win32
		{2C98D931-5353-4271-899D-B6B1259FBD7F}.Debug|x64.ActiveCfg = Debug|x64
		{2C98D931-5353-4271-899D-B6B1259FBD7F}.Debug|x64.Build.0 = Debug|x64
		{2C98D931-5353-4271-899D-B6B1259FBD7F}.Debug|x86.ActiveCfg = Debug|Win32
		{2C98D931-5353-4271-899D-B6B1259FBD7F}.Debug|x86.Build.0 = Debug|Win32
		{2C98D931-5353-4271-899D-B6B1259FBD7F}.Release|Any CPU.ActiveCfg = Release|Win32
		{2C98D931-5353-4271-899D-B6B1259FBD7F}.Release|x64.ActiveCfg = Release|x64
		{2C98D931-5353-4271-899D-B6B1259FBD7F}.Release|x64.Build.0 = Release|x64
		{2C98D931-5353-4271-899D-B6B1259FBD7F}.Release|x86.ActiveCfg = Release|Win32
		{2C98D931-5353-4271-899D-B6B1259FBD7F}.Release|x86.Build.0 = Release|Win32
		{565213F1-8912-4033-9628-9C8A70E73C51}.Debug|Any CPU.ActiveCfg = Debug|Win32
		{565213F1-8912-4033-9628-9C8A70E73C51}.Debug|x64.ActiveCfg = Debug|x64
		{565213F1-8912-4033-9628-9C8A70E73C51}.Debug|x64.Build.0 = Debug|x64
		{565213F1-8912-4033-9628-9C8A70E73C51}.Debug|x86.ActiveCfg = Debug|Win32
		{565213F1-8912-4033-9628-9C8A70E73C51}.Debug|x86.Build.0 = Debug|Win32
		{565213F1-8912-4033-9628-9C8A70E73C51}.Release|Any CPU.ActiveCfg = Release|Win32
		{565213F1-8912-4033-9628-9C8A70E73C51}.Release|x64.ActiveCfg = Release|x64
		{565213F1-8912-4033-9628-9C8A70E73C51}.Release|x64.Build.0 = Release|x64
		{565213F1-8912-4033-9628-9C8A70E73C51}.Release|x86.ActiveCfg = Release|Win32
		{565213F1-8912-4033-9628-9C8A70E73C51}.Release|x86.Build.0 = Release|Win32
		{237F96D6-0726-4598-B83F-51F1EDADABE5}.Debug|Any CPU.ActiveCfg = Debug|Win32
		{237F96D6-0726-4598-B83F-51F1EDADABE5}.Debug|x64.ActiveCfg = Debug|x64
		{237F96D6-0726-4598-B83F-51F1EDADABE5}.Debug|x64.Build.0 = Debug|x64
		{237F96D6-0726-4598-B83F-51F1EDADABE5}.Debug|x86.ActiveCfg = Debug|Win32
		{237F96D6-0726-4598-B83F-51F1EDADABE5}.Debug|x86.Build.0 = Debug|Win32
		{237F96D6-0726-4598-B83F-51F1EDADABE5}.Release|Any CPU.ActiveCfg = Release|Win32
		{237F96D6-0726-4598-B83F-51F1EDADABE5}.Release|x64.ActiveCfg = Release|x64
		{237F96D6-0726-4598-B83F-51F1EDADABE5}.Release|x64.Build.0 = Release|x64
		{237F96D6-0726-4598-B83F-51F1EDADABE5}.Release|x86.ActiveCfg = Release|Win32
		{237F96D6-0726-4598-B83F-51F1EDADABE5}.Release|x86.Build.0 = Release|Win32
		{3800AE7E-0AFD-446F-9590-3B0A20EE68F8}.Debug|Any CPU.ActiveCfg = Debug|Win32
		{3800AE7E-0AFD-446F-9590-3B0A20EE68F8}.Debug|x64.ActiveCfg = Debug|x64
		{3800AE7E-0AFD-446F-9590-3B0A20EE68F8}.Debug|x64.Build.0 = Debug|x64
		{3800AE7E-0AFD-446F-9590-3B0A20EE68F8}.Debug|x86.ActiveCfg = Debug|Win32
		{3800AE7E-0AFD-446F-9590-3B0A20EE68F8}.Debug|x86.Build.0 = Debug|Win32
		{3800AE7E-0AFD-446F-9590-3B0A20EE68F8}.Release|Any CPU.ActiveCfg = Release|Win32
		{3800AE7E-0AFD-446F-9590-3B0A20EE68F8}.Release|x64.ActiveCfg = Release|x64
		{3800AE7E-0AFD-446F-9590-3B0A20EE68F8}.Release|x64.Build.0 = Release|x64
		{3800AE7E-0AFD-446F-9590-3B0A20EE68F8}.Release|x86.ActiveCfg = Release|Win32
		{3800AE7E-0AFD-446F-9590-3B0A20EE68F8}.Release|x86.Build.0 = Release|Win32
		{58CECFC5-F31E-4693-BB77-48C007716EF9}.Debug|Any CPU.ActiveCfg = Debug|Win32
		{58CECFC5-F31E-4693-BB77-48C007716EF9}.Debug|x64.ActiveCfg = Debug|x64
		{58CECFC5-F31E-4693-BB77-48C007716EF9}.Debug|x64.Build.0 = Debug|x64
		{58CECFC5-F31E-4693-BB77-48C007716EF9}.Debug|x86.ActiveCfg = Debug|Win32
		{58CECFC5-F31E-4693-BB77-48C007716EF9}.Debug|x86.Build.0 = Debug|Win32
		{58CECFC5-F31E-4693-BB77-48C007716EF9}.Release|Any CPU.ActiveCfg = Release|Win32
		{58CECFC5-F31E-4693-BB77-48C007716EF9}.Release|x64.ActiveCfg = Release|x64
		{58CECFC5-F31E-4693-BB77-48C007716EF9}.Release|x64.Build.0 = Release|x64
		{58CECFC5-F31E-4693-BB77-48C007716EF9}.Release|x86.ActiveCfg = Release|Win32
		{58CECFC5-F31E-4693-BB77-48C007716EF9}.Release|x86.Build.0 = Release|Win32
		{E95EEA16-327D-440D-BAA3-B50B82AFBFA6}.Debug|Any CPU.ActiveCfg = Debug|Win32
		{E95EEA16-327D-440D-BAA3-B50B82AFBFA6}.Debug|x64.ActiveCfg = Debug|x64
		{E95EEA16-327D-440D-BAA3-B50B82AFBFA6}.Debug|x64.Build.0 = Debug|x64
		{E95EEA16-327D-440D-BAA3-B50B82AFBFA6}.Debug|x86.ActiveCfg = Debug|Win32
		{E95EEA16-327D-440D-BAA3-B50B82AFBFA6}.Debug|x86.Build.0 = Debug|Win32
		{E95EEA16-327D-440D-BAA3-B50B82AFBFA6}.Release|Any CPU.ActiveCfg = Release|Win32
		{E95EEA16-327D-440D-BAA3-B50B82AFBFA6}.Release|x64.ActiveCfg = Release|x64
		{E95EEA16-327D-440D-BAA3-B50B82AFBFA6}.Release|x64.Build.0 = Release|x64
		{E95EEA16-327D-440D-BAA3-B50B82AFBFA6}.Release|x86.ActiveCfg = Release|Win32
		{E95EEA16-327D-440D-BAA3-B50B82AFBFA6}.Release|x86.Build.0 = Release|Win32
		{2B0E3A45-B30E-44E3-A9A1-AAF81EDA5D4B}.Debug|Any CPU.ActiveCfg = Debug|Win32
		{2B0E3A45-B30E-44E3-A9A1-AAF81EDA5D4B}.Debug|x64.ActiveCfg = Debug|x64
		{2B0E3A45-B30E-44E3-A9A1-AAF81EDA5D4B}.Debug|x64.Build.0 = Debug|x64
		{2B0E3A45-B30E-44E3-A9A1-AAF81EDA5D4B}.Debug|x86.ActiveCfg = Debug|Win32
		{2B0E3A45-B30E-44E3-A9A1-AAF81EDA5D4B}.Debug|x86.Build.0 = Debug|Win32
		{2B0E3A45-B30E-44E3-A9A1-AAF81EDA5D4B}.Release|Any CPU.ActiveCfg = Release|Win32
		{2B0E3A45-B30E-44E3-A9A1-AAF81EDA5D4B}.Release|x64.ActiveCfg = Release|x64
		{2B0E3A45-B30E-44E3-A9A1-AAF81EDA5D4B}.Release|x64.Build.0 = Release|x64
		{2B0E3A45-B30E-44E3-A9A1-AAF81EDA5D4B}.Release|x86.ActiveCfg = Release|Win32
		{2B0E3A45-B30E-44E3-A9A1-AAF81EDA5D4B}.Release|x86.Build.0 = Release|Win32
		{8F1C4E19-0078-4A60-9C81-1AC064922F81}.Debug|Any CPU.ActiveCfg = Debug|Win32
		{8F1C4E19-0078-4A60-9C81-1AC064922F81}.Debug|x64.ActiveCfg = Debug|x64
		{8F1C4E19-0078-4A60-9C81-1AC064922F81}.Debug|x64.Build.0 = Debug|x64
		{8F1C4E19-0078-4A60-9C81-1AC064922F81}.Debug|x86.ActiveCfg = Debug|Win32
		{8F1C4E19-0078-4A60-9C81-1AC064922F81}.Debug|x86.Build.0 = Debug|Win32
		{8F1C4E19-0078-4A60-9C81-1AC064922F81}.Release|Any CPU.ActiveCfg = Release|Win32
		{8F1C4E19-0078-4A60-9C81-1AC064922F81}.Release|x64.ActiveCfg = Release|x64
		{8F1C4E19-0078-4A60-9C81-1AC064922F81}.Release|x64.Build.0 = Release|x64
		{8F1C4E19-0078-4A60-9C81-1AC064922F81}.Release|x86.ActiveCfg = Release|Win32
		{8F1C4E19-0078-4A60-9C81-1AC064922F81}.Release|x86.Build.0 = Release|Win32
		{2F5EBFE3-23AB-49BE-AAA8-714EAB4EFFED}.Debug|Any CPU.ActiveCfg = Debug|Win32
		{2F5EBFE3-23AB-49BE-AAA8-714EAB4EFFED}.Debug|x64.ActiveCfg = Debug|x64
		{2F5EBFE3-23AB-49BE-AAA8-714EAB4EFFED}.Debug|x64.Build.0 = Debug|x64
		{2F5EBFE3-23AB-49BE-AAA8-714EAB4EFFED}.Debug|x86.ActiveCfg = Debug|Win32
		{2F5EBFE3-23AB-49BE-AAA8-714EAB4EFFED}.Debug|x86.Build.0 = Debug|Win32
		{2F5EBFE3-23AB-49BE-AAA8-714EAB4EFFED}.Release|Any CPU.ActiveCfg = Release|Win32
		{2F5EBFE3-23AB-49BE-AAA8-714EAB4EFFED}.Release|x64.ActiveCfg = Release|x64
		{2F5EBFE3-23AB-49BE-AAA8-714EAB4EFFED}.Release|x64.Build.0 = Release|x64
		{2F5EBFE3-23AB-49BE-AAA8-714EAB4EFFED}.Release|x86.ActiveCfg = Release|Win32
		{2F5EBFE3-23AB-49BE-AAA8-714EAB4EFFED}.Release|x86.Build.0 = Release|Win32
		{9A789B48-D6D4-4A46-9C96-138964FE4745}.Debug|Any CPU.ActiveCfg = Debug|Win32
		{9A789B48-D6D4-4A46-9C96-138964FE4745}.Debug|x64.ActiveCfg = Debug|x64
		{9A789B48-D6D4-4A46-9C96-138964FE4745}.Debug|x64.Build.0 = Debug|x64
		{9A789B48-D6D4-4A46-9C96-138964FE4745}.Debug|x86.ActiveCfg = Debug|Win32
		{9A789B48-D6D4-4A46-9C96-138964FE4745}.Debug|x86.Build.0 = Debug|Win32
		{9A789B48-D6D4-4A46-9C96-138964FE4745}.Release|Any CPU.ActiveCfg = Release|Win32
		{9A789B48-D6D4-4A46-9C96-138964FE4745}.Release|x64.ActiveCfg = Release|x64
		{9A789B48-D6D4-4A46-9C96-138964FE4745}.Release|x64.Build.0 = Release|x64
		{9A789B48-D6D4-4A46-9C96-138964FE4745}.Release|x86.ActiveCfg = Release|Win32
		{9A789B48-D6D4-4A46-9C96-138964FE4745}.Release|x86.Build.0 = Release|Win32
		{66823863-97F8-4D59-B563-7A8B1110685D}.Debug|Any CPU.ActiveCfg = Debug|Win32
		{66823863-97F8-4D59-B563-7A8B1110685D}.Debug|x64.ActiveCfg = Debug|x64
		{66823863-97F8-4D59-B563-7A8B1110685D}.Debug|x64.Build.0 = Debug|x64
		{66823863-97F8-4D59-B563-7A8B1110685D}.Debug|x86.ActiveCfg = Debug|Win32
		{66823863-97F8-4D59-B563-7A8B1110685D}.Debug|x86.Build.0 = Debug|Win32
		{66823863-97F8-4D59-B563-7A8B1110685D}.Release|Any CPU.ActiveCfg = Release|Win32
		{66823863-97F8-4D59-B563-7A8B1110685D}.Release|x64.ActiveCfg = Release|x64
		{66823863-97F8-4D59-B563-7A8B1110685D}.Release|x64.Build.0 = Release|x64
		{66823863-97F8-4D59-B563-7A8B1110685D}.Release|x86.ActiveCfg = Release|Win32
		{66823863-97F8-4D59-B563-7A8B1110685D}.Release|x86.Build.0 = Release|Win32
		{0BD88716-BD94-4769-BCC2-6E9AFD904922}.Debug|Any CPU.ActiveCfg = Debug|Win32
		{0BD88716-BD94-4769-BCC2-6E9AFD904922}.Debug|x64.ActiveCfg = Debug|x64
		{0BD88716-BD94-4769-BCC2-6E9AFD904922}.Debug|x64.Build.0 = Debug|x64
		{0BD88716-BD94-4769-BCC2-6E9AFD904922}.Debug|x86.ActiveCfg = Debug|Win32
		{0BD88716-BD94-4769-BCC2-6E9AFD904922}.Debug|x86.Build.0 = Debug|Win32
		{0BD88716-BD94-4769-BCC2-6E9AFD904922}.Release|Any CPU.ActiveCfg = Release|Win32
		{0BD88716-BD94-4769-BCC2-6E9AFD904922}.Release|x64.ActiveCfg = Release|x64
		{0BD88716-BD94-4769-BCC2-6E9AFD904922}.Release|x64.Build.0 = Release|x64
		{0BD88716-BD94-4769-BCC2-6E9AFD904922}.Release|x86.ActiveCfg = Release|Win32
		{0BD88716-BD94-4769-BCC2-6E9AFD904922}.Release|x86.Build.0 = Release|Win32
		{F7E59039-3A3D-4A16-BFF0-D97B683F35ED}.Debug|Any CPU.ActiveCfg = Debug|Win32
		{F7E59039-3A3D-4A16-BFF0-D97B683F35ED}.Debug|x64.ActiveCfg = Debug|x64
		{F7E59039-3A3D-4A16-BFF0-D97B683F35ED}.Debug|x64.Build.0 = Debug|x64
		{F7E59039-3A3D-4A16-BFF0-D97B683F35ED}.Debug|x86.ActiveCfg = Debug|Win32
		{F7E59039-3A3D-4A16-BFF0-D97B683F35ED}.Debug|x86.Build.0 = Debug|Win32
		{F7E59039-3A3D-4A16-BFF0-D97B683F35ED}.Release|Any CPU.ActiveCfg = Release|Win32
		{F7E59039-3A3D-4A16-BFF0-D97B683F35ED}.Release|x64.ActiveCfg = Release|x64
		{F7E59039-3A3D-4A16-BFF0-D97B683F35ED}.Release|x64.Build.0 = Release|x64
		{F7E59039-3A3D-4A16-BFF0-D97B683F35ED}.Release|x86.ActiveCfg = Release|Win32
		{F7E59039-3A3D-4A16-BFF0-D97B683F35ED}.Release|x86.Build.0 = Release|Win32
		{F75F22AD-49CB-4FB5-9BE9-F63C59695A87}.Debug|Any CPU.ActiveCfg = Debug|Win32
		{F75F22AD-49CB-4FB5-9BE9-F63C59695A87}.Debug|x64.ActiveCfg = Debug|x64
		{F75F22AD-49CB-4FB5-9BE9-F63C59695A87}.Debug|x64.Build.0 = Debug|x64
		{F75F22AD-49CB-4FB5-9BE9-F63C59695A87}.Debug|x86.ActiveCfg = Debug|Win32
		{F75F22AD-49CB-4FB5-9BE9-F63C59695A87}.Debug|x86.Build.0 = Debug|Win32
		{F75F22AD-49CB-4FB5-9BE9-F63C59695A87}.Release|Any CPU.ActiveCfg = Release|Win32
		{F75F22AD-49CB-4FB5-9BE9-F63C59695A87}.Release|x64.ActiveCfg = Release|x64
		{F75F22AD-49CB-4FB5-9BE9-F63C59695A87}.Release|x64.Build.0 = Release|x64
		{F75F22AD-49CB-4FB5-9BE9-F63C59695A87}.Release|x86.ActiveCfg = Release|Win32
		{F75F22AD-49CB-4FB5-9BE9-F63C59695A87}.Release|x86.Build.0 = Release|Win32
		{E400EB89-8117-4269-A82D-FF0DEFEEE784}.Debug|Any CPU.ActiveCfg = Debug|Win32
		{E400EB89-8117-4269-A82D-FF0DEFEEE784}.Debug|x64.ActiveCfg = Debug|x64
		{E400EB89-8117-4269-A82D-FF0DEFEEE784}.Debug|x64.Build.0 = Debug|x64
		{E400EB89-8117-4269-A82D-FF0DEFEEE784}.Debug|x86.ActiveCfg = Debug|Win32
		{E400EB89-8117-4269-A82D-FF0DEFEEE784}.Debug|x86.Build.0 = Debug|Win32
		{E400EB89-8117-4269-A82D-FF0DEFEEE784}.Release|Any CPU.ActiveCfg = Release|Win32
		{E400EB89-8117-4269-A82D-FF0DEFEEE784}.Release|x64.ActiveCfg = Release|x64
		{E400EB89-8117-4269-A82D-FF0DEFEEE784}.Release|x64.Build.0 = Release|x64
		{E400EB89-8117-4269-A82D-FF0DEFEEE784}.Release|x86.ActiveCfg = Release|Win32
		{E400EB89-8117-4269-A82D-FF0DEFEEE784}.Release|x86.Build.0 = Release|Win32
		{15F3DDA7-9283-4DDA-BF69-A7D2B8899F1B}.Debug|Any CPU.ActiveCfg = Debug|Win32
		{15F3DDA7-9283-4DDA-BF69-A7D2B8899F1B}.Debug|x64.ActiveCfg = Debug|x64
		{15F3DDA7-9283-4DDA-BF69-A7D2B8899F1B}.Debug|x64.Build.0 = Debug|x64
		{15F3DDA7-9283-4DDA-BF69-A7D2B8899F1B}.Debug|x86.ActiveCfg = Debug|Win32
		{15F3DDA7-9283-4DDA-BF69-A7D2B8899F1B}.Debug|x86.Build.0 = Debug|Win32
		{15F3DDA7-9283-4DDA-BF69-A7D2B8899F1B}.Release|Any CPU.ActiveCfg = Release|Win32
		{15F3DDA7-9283-4DDA-BF69-A7D2B8899F1B}.Release|x64.ActiveCfg = Release|x64
		{15F3DDA7-9283-4DDA-BF69-A7D2B8899F1B}.Release|x64.Build.0 = Release|x64
		{15F3DDA7-9283-4DDA-BF69-A7D2B8899F1B}.Release|x86.ActiveCfg = Release|Win32
		{15F3DDA7-9283-4DDA-BF69-A7D2B8899F1B}.Release|x86.Build.0 = Release|Win32
		{C403320A-B127-4DFC-A95B-1C94E584B976}.Debug|Any CPU.ActiveCfg = Debug|Win32
		{C403320A-B127-4DFC-A95B-1C94E584B976}.Debug|x64.ActiveCfg = Debug|x64
		{C403320A-B127-4DFC-A95B-1C94E584B976}.Debug|x64.Build.0 = Debug|x64
		{C403320A-B127-4DFC-A95B-1C94E584B976}.Debug|x86.ActiveCfg = Debug|Win32
		{C403320A-B127-4DFC-A95B-1C94E584B976}.Debug|x86.Build.0 = Debug|Win32
		{C403320A-B127-4DFC-A95B-1C94E584B976}.Release|Any CPU.ActiveCfg = Release|Win32
		{C403320A-B127-4DFC-A95B-1C94E584B976}.Release|x64.ActiveCfg = Release|x64
		{C403320A-B127-4DFC-A95B-1C94E584B976}.Release|x64.Build.0 = Release|x64
		{C403320A-B127-4DFC-A95B-1C94E584B976}.Release|x86.ActiveCfg = Release|Win32
		{C403320A-B127-4DFC-A95B-1C94E584B976}.Release|x86.Build.0 = Release|Win32
		{DD72B647-BBD8-44C8-B988-CA7B607BA2A1}.Debug|Any CPU.ActiveCfg = Debug|Win32
		{DD72B647-BBD8-44C8-B988-CA7B607BA2A1}.Debug|x64.ActiveCfg = Debug|x64
		{DD72B647-BBD8-44C8-B988-CA7B607BA2A1}.Debug|x64.Build.0 = Debug|x64
		{DD72B647-BBD8-44C8-B988-CA7B607BA2A1}.Debug|x86.ActiveCfg = Debug|Win32
		{DD72B647-BBD8-44C8-B988-CA7B607BA2A1}.Debug|x86.Build.0 = Debug|Win32
		{DD72B647-BBD8-44C8-B988-CA7B607BA2A1}.Release|Any CPU.ActiveCfg = Release|Win32
		{DD72B647-BBD8-44C8-B988-CA7B607BA2A1}.Release|x64.ActiveCfg = Release|x64
		{DD72B647-BBD8-44C8-B988-CA7B607BA2A1}.Release|x64.Build.0 = Release|x64
		{DD72B647-BBD8-44C8-B988-CA7B607BA2A1}.Release|x86.ActiveCfg = Release|Win32
		{DD72B647-BBD8-44C8-B988-CA7B607BA2A1}.Release|x86.Build.0 = Release|Win32
		{305A0312-9D3B-49FE-97D5-BE2A72AC5200}.Debug|Any CPU.ActiveCfg = Debug|Win32
		{305A0312-9D3B-49FE-97D5-BE2A72AC5200}.Debug|x64.ActiveCfg = Debug|x64
		{305A0312-9D3B-49FE-97D5-BE2A72AC5200}.Debug|x64.Build.0 = Debug|x64
		{305A0312-9D3B-49FE-97D5-BE2A72AC5200}.Debug|x86.ActiveCfg = Debug|Win32
		{305A0312-9D3B-49FE-97D5-BE2A72AC5200}.Debug|x86.Build.0 = Debug|Win32
		{305A0312-9D3B-49FE-97D5-BE2A72AC5200}.Release|Any CPU.ActiveCfg = Release|Win32
		{305A0312-9D3B-49FE-97D5-BE2A72AC5200}.Release|x64.ActiveCfg = Release|x64
		{305A0312-9D3B-49FE-97D5-BE2A72AC5200}.Release|x64.Build.0 = Release|x64
		{305A0312-9D3B-49FE-97D5-BE2A72AC5200}.Release|x86.ActiveCfg = Release|Win32
		{305A0312-9D3B-49FE-97D5-BE2A72AC5200}.Release|x86.Build.0 = Release|Win32
		{D49C3185-B9C6-4719-97B4-226930BCE952}.Debug|Any CPU.ActiveCfg = Debug|Win32
		{D49C3185-B9C6-4719-97B4-226930BCE952}.Debug|x64.ActiveCfg = Debug|x64
		{D49C3185-B9C6-4719-97B4-226930BCE952}.Debug|x64.Build.0 = Debug|x64
		{D49C3185-B9C6-4719-97B4-226930BCE952}.Debug|x86.ActiveCfg = Debug|Win32
		{D49C3185-B9C6-4719-97B4-226930BCE952}.Debug|x86.Build.0 = Debug|Win32
		{D49C3185-B9C6-4719-97B4-226930BCE952}.Release|Any CPU.ActiveCfg = Release|Win32
		{D49C3185-B9C6-4719-97B4-226930BCE952}.Release|x64.ActiveCfg = Release|x64
		{D49C3185-B9C6-4719-97B4-226930BCE952}.Release|x64.Build.0 = Release|x64
		{D49C3185-B9C6-4719-97B4-226930BCE952}.Release|x86.ActiveCfg = Release|Win32
		{D49C3185-B9C6-4719-97B4-226930BCE952}.Release|x86.Build.0 = Release|Win32
		{0F93BFF8-3EBE-4006-A5C5-14292C841488}.Debug|Any CPU.ActiveCfg = Debug|Win32
		{0F93BFF8-3EBE-4006-A5C5-14292C841488}.Debug|x64.ActiveCfg = Debug|x64
		{0F93BFF8-3EBE-4006-A5C5-14292C841488}.Debug|x64.Build.0 = Debug|x64
		{0F93BFF8-3EBE-4006-A5C5-14292C841488}.Debug|x86.ActiveCfg = Debug|Win32
		{0F93BFF8-3EBE-4006-A5C5-14292C841488}.Debug|x86.Build.0 = Debug|Win32
		{0F93BFF8-3EBE-4006-A5C5-14292C841488}.Release|Any CPU.ActiveCfg = Release|Win32
		{0F93BFF8-3EBE-4006-A5C5-14292C841488}.Release|x64.ActiveCfg = Release|x64
		{0F93BFF8-3EBE-4006-A5C5-14292C841488}.Release|x64.Build.0 = Release|x64
		{0F93BFF8-3EBE-4006-A5C5-14292C841488}.Release|x86.ActiveCfg = Release|Win32
		{0F93BFF8-3EBE-4006-A5C5-14292C841488}.Release|x86.Build.0 = Release|Win32
		{8C90F538-401D-42AA-8D51-4F8552DDE777}.Debug|Any CPU.ActiveCfg = Debug|Win32
		{8C90F538-401D-42AA-8D51-4F8552DDE777}.Debug|x64.ActiveCfg = Debug|x64
		{8C90F538-401D-42AA-8D51-4F8552DDE777}.Debug|x64.Build.0 = Debug|x64
		{8C90F538-401D-42AA-8D51-4F8552DDE777}.Debug|x86.ActiveCfg = Debug|Win32
		{8C90F538-401D-42AA-8D51-4F8552DDE777}.Debug|x86.Build.0 = Debug|Win32
		{8C90F538-401D-42AA-8D51-4F8552DDE777}.Release|Any CPU.ActiveCfg = Release|Win32
		{8C90F538-401D-42AA-8D51-4F8552DDE777}.Release|x64.ActiveCfg = Release|x64
		{8C90F538-401D-42AA-8D51-4F8552DDE777}.Release|x64.Build.0 = Release|x64
		{8C90F538-401D-42AA-8D51-4F8552DDE777}.Release|x86.ActiveCfg = Release|Win32
		{8C90F538-401D-42AA-8D51-4F8552DDE777}.Release|x86.Build.0 = Release|Win32
		{98855268-E880-4416-9C33-59706678A378}.Debug|Any CPU.ActiveCfg = Debug|Win32
		{98855268-E880-4416-9C33-59706678A378}.Debug|x64.ActiveCfg = Debug|x64
		{98855268-E880-4416-9C33-59706678A378}.Debug|x64.Build.0 = Debug|x64
		{98855268-E880-4416-9C33-59706678A378}.Debug|x86.ActiveCfg = Debug|Win32
		{98855268-E880-4416-9C33-59706678A378}.Debug|x86.Build.0 = Debug|Win32
		{98855268-E880-4416-9C33-59706678A378}.Release|Any CPU.ActiveCfg = Release|Win32
		{98855268-E880-4416-9C33-59706678A378}.Release|x64.ActiveCfg = Release|x64
		{98855268-E880-4416-9C33-59706678A378}.Release|x64.Build.0 = Release|x64
		{98855268-E880-4416-9C33-59706678A378}.Release|x86.ActiveCfg = Release|Win32
		{98855268-E880-4416-9C33-59706678A378}.Release|x86.Build.0 = Release|Win32
		{9436FBDA-BE28-4DC8-827B-378656CF071F}.Debug|Any CPU.ActiveCfg = Debug|Win32
		{9436FBDA-BE28-4DC8-827B-378656CF071F}.Debug|x64.ActiveCfg = Debug|x64
		{9436FBDA-BE28-4DC8-827B-378656CF071F}.Debug|x64.Build.0 = Debug|x64
		{9436FBDA-BE28-4DC8-827B-378656CF071F}.Debug|x86.ActiveCfg = Debug|Win32
		{9436FBDA-BE28-4DC8-827B-378656CF071F}.Debug|x86.Build.0 = Debug|Win32
		{9436FBDA-BE28-4DC8-827B-378656CF071F}.Release|Any CPU.ActiveCfg = Release|Win32
		{9436FBDA-BE28-4DC8-827B-378656CF071F}.Release|x64.ActiveCfg = Release|x64
		{9436FBDA-BE28-4DC8-827B-378656CF071F}.Release|x64.Build.0 = Release|x64
		{9436FBDA-BE28-4DC8-827B-378656CF071F}.Release|x86.ActiveCfg = Release|Win32
		{9436FBDA-BE28-4DC8-827B-378656CF071F}.Release|x86.Build.0 = Release|Win32
		{2C02E62D-81B6-42F9-9910-BFA525DD30E7}.Debug|Any CPU.ActiveCfg = Debug|Win32
		{2C02E62D-81B6-42F9-9910-BFA525DD30E7}.Debug|x64.ActiveCfg = Debug|x64
		{2C02E62D-81B6-42F9-9910-BFA525DD30E7}.Debug|x64.Build.0 = Debug|x64
		{2C02E62D-81B6-42F9-9910-BFA525DD30E7}.Debug|x86.ActiveCfg = Debug|Win32
		{2C02E62D-81B6-42F9-9910-BFA525DD30E7}.Debug|x86.Build.0 = Debug|Win32
		{2C02E62D-81B6-42F9-9910-BFA525DD30E7}.Release|Any CPU.ActiveCfg = Release|Win32
		{2C02E62D-81B6-42F9-9910-BFA525DD30E7}.Release|x64.ActiveCfg = Release|x64
		{2C02E62D-81B6-42F9-9910-BFA525DD30E7}.Release|x64.Build.0 = Release|x64
		{2C02E62D-81B6-42F9-9910-BFA525DD30E7}.Release|x86.ActiveCfg = Release|Win32
		{2C02E62D-81B6-42F9-9910-BFA525DD30E7}.Release|x86.Build.0 = Release|Win32
		{63258663-1A8B-4BF9-B8FB-7BEE28AFBB3C}.Debug|Any CPU.ActiveCfg = Debug|Win32
		{63258663-1A8B-4BF9-B8FB-7BEE28AFBB3C}.Debug|x64.ActiveCfg = Debug|x64
		{63258663-1A8B-4BF9-B8FB-7BEE28AFBB3C}.Debug|x64.Build.0 = Debug|x64
		{63258663-1A8B-4BF9-B8FB-7BEE28AFBB3C}.Debug|x86.ActiveCfg = Debug|Win32
		{63258663-1A8B-4BF9-B8FB-7BEE28AFBB3C}.Debug|x86.Build.0 = Debug|Win32
		{63258663-1A8B-4BF9-B8FB-7BEE28AFBB3C}.Release|Any CPU.ActiveCfg = Release|Win32
		{63258663-1A8B-4BF9-B8FB-7BEE28AFBB3C}.Release|x64.ActiveCfg = Release|x64
		{63258663-1A8B-4BF9-B8FB-7BEE28AFBB3C}.Release|x64.Build.0 = Release|x64
		{63258663-1A8B-4BF9-B8FB-7BEE28AFBB3C}.Release|x86.ActiveCfg = Release|Win32
		{63258663-1A8B-4BF9-B8FB-7BEE28AFBB3C}.Release|x86.Build.0 = Release|Win32
		{C7F16C80-7FC5-4DE2-862C-ADB4C362F99F}.Debug|Any CPU.ActiveCfg = Debug|Win32
		{C7F16C80-7FC5-4DE2-862C-ADB4C362F99F}.Debug|x64.ActiveCfg = Debug|x64
		{C7F16C80-7FC5-4DE2-862C-ADB4C362F99F}.Debug|x64.Build.0 = Debug|x64
		{C7F16C80-7FC5-4DE2-862C-ADB4C362F99F}.Debug|x86.ActiveCfg = Debug|Win32
		{C7F16C80-7FC5-4DE2-862C-ADB4C362F99F}.Debug|x86.Build.0 = Debug|Win32
		{C7F16C80-7FC5-4DE2-862C-ADB4C362F99F}.Release|Any CPU.ActiveCfg = Release|Win32
		{C7F16C80-7FC5-4DE2-862C-ADB4C362F99F}.Release|x64.ActiveCfg = Release|x64
		{C7F16C80-7FC5-4DE2-862C-ADB4C362F99F}.Release|x64.Build.0 = Release|x64
		{C7F16C80-7FC5-4DE2-862C-ADB4C362F99F}.Release|x86.ActiveCfg = Release|Win32
		{C7F16C80-7FC5-4DE2-862C-ADB4C362F99F}.Release|x86.Build.0 = Release|Win32
		{B3D6EE11-2683-4684-A80A-2A4D6BC20781}.Debug|Any CPU.ActiveCfg = Debug|Win32
		{B3D6EE11-2683-4684-A80A-2A4D6BC20781}.Debug|x64.ActiveCfg = Debug|x64
		{B3D6EE11-2683-4684-A80A-2A4D6BC20781}.Debug|x64.Build.0 = Debug|x64
		{B3D6EE11-2683-4684-A80A-2A4D6BC20781}.Debug|x86.ActiveCfg = Debug|Win32
		{B3D6EE11-2683-4684-A80A-2A4D6BC20781}.Debug|x86.Build.0 = Debug|Win32
		{B3D6EE11-2683-4684-A80A-2A4D6BC20781}.Release|Any CPU.ActiveCfg = Release|Win32
		{B3D6EE11-2683-4684-A80A-2A4D6BC20781}.Release|x64.ActiveCfg = Release|x64
		{B3D6EE11-2683-4684-A80A-2A4D6BC20781}.Release|x64.Build.0 = Release|x64
		{B3D6EE11-2683-4684-A80A-2A4D6BC20781}.Release|x86.ActiveCfg = Release|Win32
		{B3D6EE11-2683-4684-A80A-2A4D6BC20781}.Release|x86.Build.0 = Release|Win32
		{9ADAD551-4CDB-428E-86B6-5432E0B38A41}.Debug|Any CPU.ActiveCfg = Debug|Win32
		{9ADAD551-4CDB-428E-86B6-5432E0B38A41}.Debug|x64.ActiveCfg = Debug|x64
		{9ADAD551-4CDB-428E-86B6-5432E0B38A41}.Debug|x64.Build.0 = Debug|x64
		{9ADAD551-4CDB-428E-86B6-5432E0B38A41}.Debug|x86.ActiveCfg = Debug|Win32
		{9ADAD551-4CDB-428E-86B6-5432E0B38A41}.Debug|x86.Build.0 = Debug|Win32
		{9ADAD551-4CDB-428E-86B6-5432E0B38A41}.Release|Any CPU.ActiveCfg = Release|Win32
		{9ADAD551-4CDB-428E-86B6-5432E0B38A41}.Release|x64.ActiveCfg = Release|x64
		{9ADAD551-4CDB-428E-86B6-5432E0B38A41}.Release|x64.Build.0 = Release|x64
		{9ADAD551-4CDB-428E-86B6-5432E0B38A41}.Release|x86.ActiveCfg = Release|Win32
		{9ADAD551-4CDB-428E-86B6-5432E0B38A41}.Release|x86.Build.0 = Release|Win32
		{731A2D5F-2F3C-4AB0-B52E-F89FC1B06D27}.Debug|Any CPU.ActiveCfg = Debug|Win32
		{731A2D5F-2F3C-4AB0-B52E-F89FC1B06D27}.Debug|x64.ActiveCfg = Debug|x64
		{731A2D5F-2F3C-4AB0-B52E-F89FC1B06D27}.Debug|x64.Build.0 = Debug|x64
		{731A2D5F-2F3C-4AB0-B52E-F89FC1B06D27}.Debug|x86.ActiveCfg = Debug|Win32
		{731A2D5F-2F3C-4AB0-B52E-F89FC1B06D27}.Debug|x86.Build.0 = Debug|Win32
		{731A2D5F-2F3C-4AB0-B52E-F89FC1B06D27}.Release|Any CPU.ActiveCfg = Release|Win32
		{731A2D5F-2F3C-4AB0-B52E-F89FC1B06D27}.Release|x64.ActiveCfg = Release|x64
		{731A2D5F-2F3C-4AB0-B52E-F89FC1B06D27}.Release|x64.Build.0 = Release|x64
		{731A2D5F-2F3C-4AB0-B52E-F89FC1B06D27}.Release|x86.ActiveCfg = Release|Win32
		{731A2D5F-2F3C-4AB0-B52E-F89FC1B06D27}.Release|x86.Build.0 = Release|Win32
		{43A86132-2862-4FB9-A20A-EB314AE90883}.Debug|Any CPU.ActiveCfg = Debug|Win32
		{43A86132-2862-4FB9-A20A-EB314AE90883}.Debug|x64.ActiveCfg = Debug|x64
		{43A86132-2862-4FB9-A20A-EB314AE90883}.Debug|x64.Build.0 = Debug|x64
		{43A86132-2862-4FB9-A20A-EB314AE90883}.Debug|x86.ActiveCfg = Debug|Win32
		{43A86132-2862-4FB9-A20A-EB314AE90883}.Debug|x86.Build.0 = Debug|Win32
		{43A86132-2862-4FB9-A20A-EB314AE90883}.Release|Any CPU.ActiveCfg = Release|Win32
		{43A86132-2862-4FB9-A20A-EB314AE90883}.Release|x64.ActiveCfg = Release|x64
		{43A86132-2862-4FB9-A20A-EB314AE90883}.Release|x64.Build.0 = Release|x64
		{43A86132-2862-4FB9-A20A-EB314AE90883}.Release|x86.ActiveCfg = Release|Win32
		{43A86132-2862-4FB9-A20A-EB314AE90883}.Release|x86.Build.0 = Release|Win32
		{8CF27A8C-BF27-4620-8AEE-29B8EFFCDC66}.Debug|Any CPU.ActiveCfg = Debug|Win32
		{8CF27A8C-BF27-4620-8AEE-29B8EFFCDC66}.Debug|x64.ActiveCfg = Debug|x64
		{8CF27A8C-BF27-4620-8AEE-29B8EFFCDC66}.Debug|x64.Build.0 = Debug|x64
		{8CF27A8C-BF27-4620-8AEE-29B8EFFCDC66}.Debug|x86.ActiveCfg = Debug|Win32
		{8CF27A8C-BF27-4620-8AEE-29B8EFFCDC66}.Debug|x86.Build.0 = Debug|Win32
		{8CF27A8C-BF27-4620-8AEE-29B8EFFCDC66}.Release|Any CPU.ActiveCfg = Release|Win32
		{8CF27A8C-BF27-4620-8AEE-29B8EFFCDC66}.Release|x64.ActiveCfg = Release|x64
		{8CF27A8C-BF27-4620-8AEE-29B8EFFCDC66}.Release|x64.Build.0 = Release|x64
		{8CF27A8C-BF27-4620-8AEE-29B8EFFCDC66}.Release|x86.ActiveCfg = Release|Win32
		{8CF27A8C-BF27-4620-8AEE-29B8EFFCDC66}.Release|x86.Build.0 = Release|Win32
		{F9ACCB4A-6AEA-4213-A6B5-0C8245F69B5D}.Debug|Any CPU.ActiveCfg = Debug|Win32
		{F9ACCB4A-6AEA-4213-A6B5-0C8245F69B5D}.Debug|x64.ActiveCfg = Debug|x64
		{F9ACCB4A-6AEA-4213-A6B5-0C8245F69B5D}.Debug|x64.Build.0 = Debug|x64
		{F9ACCB4A-6AEA-4213-A6B5-0C8245F69B5D}.Debug|x86.ActiveCfg = Debug|Win32
		{F9ACCB4A-6AEA-4213-A6B5-0C8245F69B5D}.Debug|x86.Build.0 = Debug|Win32
		{F9ACCB4A-6AEA-4213-A6B5-0C8245F69B5D}.Release|Any CPU.ActiveCfg = Release|Win32
		{F9ACCB4A-6AEA-4213-A6B5-0C8245F69B5D}.Release|x64.ActiveCfg = Release|x64
		{F9ACCB4A-6AEA-4213-A6B5-0C8245F69B5D}.Release|x64.Build.0 = Release|x64
		{F9ACCB4A-6AEA-4213-A6B5-0C8245F69B5D}.Release|x86.ActiveCfg = Release|Win32
		{F9ACCB4A-6AEA-4213-A6B5-0C8245F69B5D}.Release|x86.Build.0 = Release|Win32
		{3748BD5E-5819-4C0C-921A-EC3060DA7F7B}.Debug|Any CPU.ActiveCfg = Debug|Win32
		{3748BD5E-5819-4C0C-921A-EC3060DA7F7B}.Debug|x64.ActiveCfg = Debug|x64
		{3748BD5E-5819-4C0C-921A-EC3060DA7F7B}.Debug|x64.Build.0 = Debug|x64
		{3748BD5E-5819-4C0C-921A-EC3060DA7F7B}.Debug|x86.ActiveCfg = Debug|Win32
		{3748BD5E-5819-4C0C-921A-EC3060DA7F7B}.Debug|x86.Build.0 = Debug|Win32
		{3748BD5E-5819-4C0C-921A-EC3060DA7F7B}.Release|Any CPU.ActiveCfg = Release|Win32
		{3748BD5E-5819-4C0C-921A-EC3060DA7F7B}.Release|x64.ActiveCfg = Release|x64
		{3748BD5E-5819-4C0C-921A-EC3060DA7F7B}.Release|x64.Build.0 = Release|x64
		{3748BD5E-5819-4C0C-921A-EC3060DA7F7B}.Release|x86.ActiveCfg = Release|Win32
		{3748BD5E-5819-4C0C-921A-EC3060DA7F7B}.Release|x86.Build.0 = Release|Win32
		{3C3AA84D-B443-4F9E-9E77-9649EC1EF0D5}.Debug|Any CPU.ActiveCfg = Debug|Win32
		{3C3AA84D-B443-4F9E-9E77-9649EC1EF0D5}.Debug|x64.ActiveCfg = Debug|x64
		{3C3AA84D-B443-4F9E-9E77-9649EC1EF0D5}.Debug|x64.Build.0 = Debug|x64
		{3C3AA84D-B443-4F9E-9E77-9649EC1EF0D5}.Debug|x86.ActiveCfg = Debug|Win32
		{3C3AA84D-B443-4F9E-9E77-9649EC1EF0D5}.Debug|x86.Build.0 = Debug|Win32
		{3C3AA84D-B443-4F9E-9E77-9649EC1EF0D5}.Release|Any CPU.ActiveCfg = Release|Win32
		{3C3AA84D-B443-4F9E-9E77-9649EC1EF0D5}.Release|x64.ActiveCfg = Release|x64
		{3C3AA84D-B443-4F9E-9E77-9649EC1EF0D5}.Release|x64.Build.0 = Release|x64
		{3C3AA84D-B443-4F9E-9E77-9649EC1EF0D5}.Release|x86.ActiveCfg = Release|Win32
		{3C3AA84D-B443-4F9E-9E77-9649EC1EF0D5}.Release|x86.Build.0 = Release|Win32
		{DC180754-CC31-47B6-9EA2-54352AF96867}.Debug|Any CPU.ActiveCfg = Debug|Win32
		{DC180754-CC31-47B6-9EA2-54352AF96867}.Debug|x64.ActiveCfg = Debug|x64
		{DC180754-CC31-47B6-9EA2-54352AF96867}.Debug|x64.Build.0 = Debug|x64
		{DC180754-CC31-47B6-9EA2-54352AF96867}.Debug|x86.ActiveCfg = Debug|Win32
		{DC180754-CC31-47B6-9EA2-54352AF96867}.Debug|x86.Build.0 = Debug|Win32
		{DC180754-CC31-47B6-9EA2-54352AF96867}.Release|Any CPU.ActiveCfg = Release|Win32
		{DC180754-CC31-47B6-9EA2-54352AF96867}.Release|x64.ActiveCfg = Release|x64
		{DC180754-CC31-47B6-9EA2-54352AF96867}.Release|x64.Build.0 = Release|x64
		{DC180754-CC31-47B6-9EA2-54352AF96867}.Release|x86.ActiveCfg = Release|Win32
		{DC180754-CC31-47B6-9EA2-54352AF96867}.Release|x86.Build.0 = Release|Win32
		{7517BBE5-B2BF-4EFA-8C3F-B7F7C2D08F9C}.Debug|Any CPU.ActiveCfg = Debug|Win32
		{7517BBE5-B2BF-4EFA-8C3F-B7F7C2D08F9C}.Debug|x64.ActiveCfg = Debug|x64
		{7517BBE5-B2BF-4EFA-8C3F-B7F7C2D08F9C}.Debug|x64.Build.0 = Debug|x64
		{7517BBE5-B2BF-4EFA-8C3F-B7F7C2D08F9C}.Debug|x86.ActiveCfg = Debug|Win32
		{7517BBE5-B2BF-4EFA-8C3F-B7F7C2D08F9C}.Debug|x86.Build.0 = Debug|Win32
		{7517BBE5-B2BF-4EFA-8C3F-B7F7C2D08F9C}.Release|Any CPU.ActiveCfg = Release|Win32
		{7517BBE5-B2BF-4EFA-8C3F-B7F7C2D08F9C}.Release|x64.ActiveCfg = Release|x64
		{7517BBE5-B2BF-4EFA-8C3F-B7F7C2D08F9C}.Release|x64.Build.0 = Release|x64
		{7517BBE5-B2BF-4EFA-8C3F-B7F7C2D08F9C}.Release|x86.ActiveCfg = Release|Win32
		{7517BBE5-B2BF-4EFA-8C3F-B7F7C2D08F9C}.Release|x86.Build.0 = Release|Win32
		{16B28C55-A402-4E9A-ABA3-8BC9D14A72D7}.Debug|Any CPU.ActiveCfg = Debug|Win32
		{16B28C55-A402-4E9A-ABA3-8BC9D14A72D7}.Debug|x64.ActiveCfg = Debug|x64
		{16B28C55-A402-4E9A-ABA3-8BC9D14A72D7}.Debug|x64.Build.0 = Debug|x64
		{16B28C55-A402-4E9A-ABA3-8BC9D14A72D7}.Debug|x86.ActiveCfg = Debug|Win32
		{16B28C55-A402-4E9A-ABA3-8BC9D14A72D7}.Debug|x86.Build.0 = Debug|Win32
		{16B28C55-A402-4E9A-ABA3-8BC9D14A72D7}.Release|Any CPU.ActiveCfg = Release|Win32
		{16B28C55-A402-4E9A-ABA3-8BC9D14A72D7}.Release|x64.ActiveCfg = Release|x64
		{16B28C55-A402-4E9A-ABA3-8BC9D14A72D7}.Release|x64.Build.0 = Release|x64
		{16B28C55-A402-4E9A-ABA3-8BC9D14A72D7}.Release|x86.ActiveCfg = Release|Win32
		{16B28C55-A402-4E9A-ABA3-8BC9D14A72D7}.Release|x86.Build.0 = Release|Win32
		{074DB3BC-3919-44E0-A10E-20AE7EEC9438}.Debug|Any CPU.ActiveCfg = Debug|Win32
		{074DB3BC-3919-44E0-A10E-20AE7EEC9438}.Debug|x64.ActiveCfg = Debug|x64
		{074DB3BC-3919-44E0-A10E-20AE7EEC9438}.Debug|x64.Build.0 = Debug|x64
		{074DB3BC-3919-44E0-A10E-20AE7EEC9438}.Debug|x86.ActiveCfg = Debug|Win32
		{074DB3BC-3919-44E0-A10E-20AE7EEC9438}.Debug|x86.Build.0 = Debug|Win32
		{074DB3BC-3919-44E0-A10E-20AE7EEC9438}.Release|Any CPU.ActiveCfg = Release|Win32
		{074DB3BC-3919-44E0-A10E-20AE7EEC9438}.Release|x64.ActiveCfg = Release|x64
		{074DB3BC-3919-44E0-A10E-20AE7EEC9438}.Release|x64.Build.0 = Release|x64
		{074DB3BC-3919-44E0-A10E-20AE7EEC9438}.Release|x86.ActiveCfg = Release|Win32
		{074DB3BC-3919-44E0-A10E-20AE7EEC9438}.Release|x86.Build.0 = Release|Win32
		{182379C2-04F7-4C0D-A02F-F978F897111D}.Debug|Any CPU.ActiveCfg = Debug|Win32
		{182379C2-04F7-4C0D-A02F-F978F897111D}.Debug|x64.ActiveCfg = Debug|x64
		{182379C2-04F7-4C0D-A02F-F978F897111D}.Debug|x64.Build.0 = Debug|x64
		{182379C2-04F7-4C0D-A02F-F978F897111D}.Debug|x86.ActiveCfg = Debug|Win32
		{182379C2-04F7-4C0D-A02F-F978F897111D}.Debug|x86.Build.0 = Debug|Win32
		{182379C2-04F7-4C0D-A02F-F978F897111D}.Release|Any CPU.ActiveCfg = Release|Win32
		{182379C2-04F7-4C0D-A02F-F978F897111D}.Release|x64.ActiveCfg = Release|x64
		{182379C2-04F7-4C0D-A02F-F978F897111D}.Release|x64.Build.0 = Release|x64
		{182379C2-04F7-4C0D-A02F-F978F897111D}.Release|x86.ActiveCfg = Release|Win32
		{182379C2-04F7-4C0D-A02F-F978F897111D}.Release|x86.Build.0 = Release|Win32
		{04351EDD-C636-4988-8DC3-C738BC941BEC}.Debug|Any CPU.ActiveCfg = Debug|Win32
		{04351EDD-C636-4988-8DC3-C738BC941BEC}.Debug|x64.ActiveCfg = Debug|x64
		{04351EDD-C636-4988-8DC3-C738BC941BEC}.Debug|x64.Build.0 = Debug|x64
		{04351EDD-C636-4988-8DC3-C738BC941BEC}.Debug|x86.ActiveCfg = Debug|Win32
		{04351EDD-C636-4988-8DC3-C738BC941BEC}.Debug|x86.Build.0 = Debug|Win32
		{04351EDD-C636-4988-8DC3-C738BC941BEC}.Release|Any CPU.ActiveCfg = Release|Win32
		{04351EDD-C636-4988-8DC3-C738BC941BEC}.Release|x64.ActiveCfg = Release|x64
		{04351EDD-C636-4988-8DC3-C738BC941BEC}.Release|x64.Build.0 = Release|x64
		{04351EDD-C636-4988-8DC3-C738BC941BEC}.Release|x86.ActiveCfg = Release|Win32
		{04351EDD-C636-4988-8DC3-C738BC941BEC}.Release|x86.Build.0 = Release|Win32
		{B7560C91-AC25-48A3-A8D3-5F7E2283C773}.Debug|Any CPU.ActiveCfg = Debug|Win32
		{B7560C91-AC25-48A3-A8D3-5F7E2283C773}.Debug|x64.ActiveCfg = Debug|x64
		{B7560C91-AC25-48A3-A8D3-5F7E2283C773}.Debug|x64.Build.0 = Debug|x64
		{B7560C91-AC25-48A3-A8D3-5F7E2283C773}.Debug|x86.ActiveCfg = Debug|Win32
		{B7560C91-AC25-48A3-A8D3-5F7E2283C773}.Debug|x86.Build.0 = Debug|Win32
		{B7560C91-AC25-48A3-A8D3-5F7E2283C773}.Release|Any CPU.ActiveCfg = Release|Win32
		{B7560C91-AC25-48A3-A8D3-5F7E2283C773}.Release|x64.ActiveCfg = Release|x64
		{B7560C91-AC25-48A3-A8D3-5F7E2283C773}.Release|x64.Build.0 = Release|x64
		{B7560C91-AC25-48A3-A8D3-5F7E2283C773}.Release|x86.ActiveCfg = Release|Win32
		{B7560C91-AC25-48A3-A8D3-5F7E2283C773}.Release|x86.Build.0 = Release|Win32
		{0C304EB0-12D9-4C52-BC4C-62FD18465E8C}.Debug|Any CPU.ActiveCfg = Debug|Win32
		{0C304EB0-12D9-4C52-BC4C-62FD18465E8C}.Debug|x64.ActiveCfg = Debug|x64
		{0C304EB0-12D9-4C52-BC4C-62FD18465E8C}.Debug|x64.Build.0 = Debug|x64
		{0C304EB0-12D9-4C52-BC4C-62FD18465E8C}.Debug|x86.ActiveCfg = Debug|Win32
		{0C304EB0-12D9-4C52-BC4C-62FD18465E8C}.Debug|x86.Build.0 = Debug|Win32
		{0C304EB0-12D9-4C52-BC4C-62FD18465E8C}.Release|Any CPU.ActiveCfg = Release|Win32
		{0C304EB0-12D9-4C52-BC4C-62FD18465E8C}.Release|x64.ActiveCfg = Release|x64
		{0C304EB0-12D9-4C52-BC4C-62FD18465E8C}.Release|x64.Build.0 = Release|x64
		{0C304EB0-12D9-4C52-BC4C-62FD18465E8C}.Release|x86.ActiveCfg = Release|Win32
		{0C304EB0-12D9-4C52-BC4C-62FD18465E8C}.Release|x86.Build.0 = Release|Win32
		{48B45A79-B5B9-49D4-87D1-44E44EDA2C29}.Debug|Any CPU.ActiveCfg = Debug|Win32
		{48B45A79-B5B9-49D4-87D1-44E44EDA2C29}.Debug|x64.ActiveCfg = Debug|x64
		{48B45A79-B5B9-49D4-87D1-44E44EDA2C29}.Debug|x64.Build.0 = Debug|x64
		{48B45A79-B5B9-49D4-87D1-44E44EDA2C29}.Debug|x86.ActiveCfg = Debug|Win32
		{48B45A79-B5B9-49D4-87D1-44E44EDA2C29}.Debug|x86.Build.0 = Debug|Win32
		{48B45A79-B5B9-49D4-87D1-44E44EDA2C29}.Release|Any CPU.ActiveCfg = Release|Win32
		{48B45A79-B5B9-49D4-87D1-44E44EDA2C29}.Release|x64.ActiveCfg = Release|x64
		{48B45A79-B5B9-49D4-87D1-44E44EDA2C29}.Release|x64.Build.0 = Release|x64
		{48B45A79-B5B9-49D4-87D1-44E44EDA2C29}.Release|x86.ActiveCfg = Release|Win32
		{48B45A79-B5B9-49D4-87D1-44E44EDA2C29}.Release|x86.Build.0 = Release|Win32
		{039AD189-0E49-45FD-80D1-3D640484B745}.Debug|Any CPU.ActiveCfg = Debug|Win32
		{039AD189-0E49-45FD-80D1-3D640484B745}.Debug|x64.ActiveCfg = Debug|x64
		{039AD189-0E49-45FD-80D1-3D640484B745}.Debug|x64.Build.0 = Debug|x64
		{039AD189-0E49-45FD-80D1-3D640484B745}.Debug|x86.ActiveCfg = Debug|Win32
		{039AD189-0E49-45FD-80D1-3D640484B745}.Debug|x86.Build.0 = Debug|Win32
		{039AD189-0E49-45FD-80D1-3D640484B745}.Release|Any CPU.ActiveCfg = Release|Win32
		{039AD189-0E49-45FD-80D1-3D640484B745}.Release|x64.ActiveCfg = Release|x64
		{039AD189-0E49-45FD-80D1-3D640484B745}.Release|x64.Build.0 = Release|x64
		{039AD189-0E49-45FD-80D1-3D640484B745}.Release|x86.ActiveCfg = Release|Win32
		{039AD189-0E49-45FD-80D1-3D640484B745}.Release|x86.Build.0 = Release|Win32
		{D79375B1-1B8A-44EF-B90A-F4FDC15FCAFD}.Debug|Any CPU.ActiveCfg = Debug|Win32
		{D79375B1-1B8A-44EF-B90A-F4FDC15FCAFD}.Debug|x64.ActiveCfg = Debug|x64
		{D79375B1-1B8A-44EF-B90A-F4FDC15FCAFD}.Debug|x64.Build.0 = Debug|x64
		{D79375B1-1B8A-44EF-B90A-F4FDC15FCAFD}.Debug|x86.ActiveCfg = Debug|Win32
		{D79375B1-1B8A-44EF-B90A-F4FDC15FCAFD}.Debug|x86.Build.0 = Debug|Win32
		{D79375B1-1B8A-44EF-B90A-F4FDC15FCAFD}.Release|Any CPU.ActiveCfg = Release|Win32
		{D79375B1-1B8A-44EF-B90A-F4FDC15FCAFD}.Release|x64.ActiveCfg = Release|x64
		{D79375B1-1B8A-44EF-B90A-F4FDC15FCAFD}.Release|x64.Build.0 = Release|x64
		{D79375B1-1B8A-44EF-B90A-F4FDC15FCAFD}.Release|x86.ActiveCfg = Release|Win32
		{D79375B1-1B8A-44EF-B90A-F4FDC15FCAFD}.Release|x86.Build.0 = Release|Win32
	EndGlobalSection
	GlobalSection(SolutionProperties) = preSolution
		HideSolutionNode = FALSE
	EndGlobalSection
	GlobalSection(NestedProjects) = preSolution
		{FB7EDDF6-C90F-47BD-A592-CF81BA2C1ECD} = {3F386CB7-2F3A-44CC-80D1-2189B99F43A6}
		{AB334AF4-30EA-475B-8C63-EE4DE72EAA89} = {3F386CB7-2F3A-44CC-80D1-2189B99F43A6}
		{6151A3EE-2127-4C54-86C3-B38C05633B81} = {3F386CB7-2F3A-44CC-80D1-2189B99F43A6}
		{FCA8811C-15D6-4E87-A695-C0EC6325301E} = {70670742-E141-437D-AA57-45B99DEA26A6}
		{2E253799-7549-4BC5-9584-5F1F9452DD45} = {70670742-E141-437D-AA57-45B99DEA26A6}
		{C61CD99F-A54D-41DB-AFB5-A7649D218181} = {70670742-E141-437D-AA57-45B99DEA26A6}
		{0508BD7D-6179-4A42-ABE6-4516F560AC09} = {3F386CB7-2F3A-44CC-80D1-2189B99F43A6}
		{7B120050-48E0-40D1-8416-6E6DD9152FC4} = {3F386CB7-2F3A-44CC-80D1-2189B99F43A6}
		{A70690E4-5F21-4999-9F84-C3C70F06C1CC} = {3F386CB7-2F3A-44CC-80D1-2189B99F43A6}
		{CF0C0283-8051-4E20-AAC6-19B38C458364} = {70670742-E141-437D-AA57-45B99DEA26A6}
		{566C504F-6AD1-4465-9471-475B81EE5556} = {3F386CB7-2F3A-44CC-80D1-2189B99F43A6}
		{8D5177FC-3B0C-4089-8D26-252685036BF4} = {3F386CB7-2F3A-44CC-80D1-2189B99F43A6}
		{BD0F972C-0216-44C2-B79C-06EC2B11B7C5} = {3F386CB7-2F3A-44CC-80D1-2189B99F43A6}
		{E0B85E26-83FD-4A00-B738-18C7C2DFD784} = {3F386CB7-2F3A-44CC-80D1-2189B99F43A6}
		{CFA51C99-F8B2-4DF1-8B68-ECE88248E672} = {70670742-E141-437D-AA57-45B99DEA26A6}
		{B661D443-D866-43FE-A4B1-538721E933C2} = {3F386CB7-2F3A-44CC-80D1-2189B99F43A6}
		{DC4D667B-57BD-4465-803F-65095F1A6694} = {3F386CB7-2F3A-44CC-80D1-2189B99F43A6}
		{C23CBFCB-93A0-4A84-A4DE-8703EAE28A90} = {70670742-E141-437D-AA57-45B99DEA26A6}
		{2C98D931-5353-4271-899D-B6B1259FBD7F} = {70670742-E141-437D-AA57-45B99DEA26A6}
		{565213F1-8912-4033-9628-9C8A70E73C51} = {70670742-E141-437D-AA57-45B99DEA26A6}
		{237F96D6-0726-4598-B83F-51F1EDADABE5} = {3F386CB7-2F3A-44CC-80D1-2189B99F43A6}
		{3800AE7E-0AFD-446F-9590-3B0A20EE68F8} = {3F386CB7-2F3A-44CC-80D1-2189B99F43A6}
		{58CECFC5-F31E-4693-BB77-48C007716EF9} = {70670742-E141-437D-AA57-45B99DEA26A6}
		{E95EEA16-327D-440D-BAA3-B50B82AFBFA6} = {70670742-E141-437D-AA57-45B99DEA26A6}
		{2B0E3A45-B30E-44E3-A9A1-AAF81EDA5D4B} = {3F386CB7-2F3A-44CC-80D1-2189B99F43A6}
		{8F1C4E19-0078-4A60-9C81-1AC064922F81} = {3F386CB7-2F3A-44CC-80D1-2189B99F43A6}
		{2F5EBFE3-23AB-49BE-AAA8-714EAB4EFFED} = {82D9BE73-17FD-455A-91CF-DD9B4B137ACE}
		{9A789B48-D6D4-4A46-9C96-138964FE4745} = {82D9BE73-17FD-455A-91CF-DD9B4B137ACE}
		{66823863-97F8-4D59-B563-7A8B1110685D} = {3F386CB7-2F3A-44CC-80D1-2189B99F43A6}
		{0BD88716-BD94-4769-BCC2-6E9AFD904922} = {3F386CB7-2F3A-44CC-80D1-2189B99F43A6}
		{F7E59039-3A3D-4A16-BFF0-D97B683F35ED} = {3F386CB7-2F3A-44CC-80D1-2189B99F43A6}
		{F75F22AD-49CB-4FB5-9BE9-F63C59695A87} = {3F386CB7-2F3A-44CC-80D1-2189B99F43A6}
		{E400EB89-8117-4269-A82D-FF0DEFEEE784} = {82D9BE73-17FD-455A-91CF-DD9B4B137ACE}
		{15F3DDA7-9283-4DDA-BF69-A7D2B8899F1B} = {3F386CB7-2F3A-44CC-80D1-2189B99F43A6}
		{C403320A-B127-4DFC-A95B-1C94E584B976} = {82D9BE73-17FD-455A-91CF-DD9B4B137ACE}
		{DD72B647-BBD8-44C8-B988-CA7B607BA2A1} = {3F386CB7-2F3A-44CC-80D1-2189B99F43A6}
		{305A0312-9D3B-49FE-97D5-BE2A72AC5200} = {3F386CB7-2F3A-44CC-80D1-2189B99F43A6}
		{D49C3185-B9C6-4719-97B4-226930BCE952} = {3F386CB7-2F3A-44CC-80D1-2189B99F43A6}
		{0F93BFF8-3EBE-4006-A5C5-14292C841488} = {3F386CB7-2F3A-44CC-80D1-2189B99F43A6}
		{8C90F538-401D-42AA-8D51-4F8552DDE777} = {82D9BE73-17FD-455A-91CF-DD9B4B137ACE}
		{98855268-E880-4416-9C33-59706678A378} = {82D9BE73-17FD-455A-91CF-DD9B4B137ACE}
		{9436FBDA-BE28-4DC8-827B-378656CF071F} = {82D9BE73-17FD-455A-91CF-DD9B4B137ACE}
		{2C02E62D-81B6-42F9-9910-BFA525DD30E7} = {82D9BE73-17FD-455A-91CF-DD9B4B137ACE}
		{63258663-1A8B-4BF9-B8FB-7BEE28AFBB3C} = {82D9BE73-17FD-455A-91CF-DD9B4B137ACE}
		{C7F16C80-7FC5-4DE2-862C-ADB4C362F99F} = {FFA7BE6E-2999-4569-9E38-4088AFB06C1D}
		{B3D6EE11-2683-4684-A80A-2A4D6BC20781} = {FFA7BE6E-2999-4569-9E38-4088AFB06C1D}
		{9ADAD551-4CDB-428E-86B6-5432E0B38A41} = {F4B3596C-F8BE-4E46-9850-E3F6DCE8433B}
		{731A2D5F-2F3C-4AB0-B52E-F89FC1B06D27} = {F4B3596C-F8BE-4E46-9850-E3F6DCE8433B}
		{43A86132-2862-4FB9-A20A-EB314AE90883} = {F4B3596C-F8BE-4E46-9850-E3F6DCE8433B}
		{8CF27A8C-BF27-4620-8AEE-29B8EFFCDC66} = {F4B3596C-F8BE-4E46-9850-E3F6DCE8433B}
		{F9ACCB4A-6AEA-4213-A6B5-0C8245F69B5D} = {F4B3596C-F8BE-4E46-9850-E3F6DCE8433B}
		{3748BD5E-5819-4C0C-921A-EC3060DA7F7B} = {F4B3596C-F8BE-4E46-9850-E3F6DCE8433B}
		{3C3AA84D-B443-4F9E-9E77-9649EC1EF0D5} = {3F386CB7-2F3A-44CC-80D1-2189B99F43A6}
		{DC180754-CC31-47B6-9EA2-54352AF96867} = {F4B3596C-F8BE-4E46-9850-E3F6DCE8433B}
		{7517BBE5-B2BF-4EFA-8C3F-B7F7C2D08F9C} = {F4B3596C-F8BE-4E46-9850-E3F6DCE8433B}
		{16B28C55-A402-4E9A-ABA3-8BC9D14A72D7} = {F4B3596C-F8BE-4E46-9850-E3F6DCE8433B}
		{074DB3BC-3919-44E0-A10E-20AE7EEC9438} = {F4B3596C-F8BE-4E46-9850-E3F6DCE8433B}
		{182379C2-04F7-4C0D-A02F-F978F897111D} = {F4B3596C-F8BE-4E46-9850-E3F6DCE8433B}
		{04351EDD-C636-4988-8DC3-C738BC941BEC} = {F4B3596C-F8BE-4E46-9850-E3F6DCE8433B}
		{B7560C91-AC25-48A3-A8D3-5F7E2283C773} = {F4B3596C-F8BE-4E46-9850-E3F6DCE8433B}
		{0C304EB0-12D9-4C52-BC4C-62FD18465E8C} = {F4B3596C-F8BE-4E46-9850-E3F6DCE8433B}
		{48B45A79-B5B9-49D4-87D1-44E44EDA2C29} = {F4B3596C-F8BE-4E46-9850-E3F6DCE8433B}
		{039AD189-0E49-45FD-80D1-3D640484B745} = {F4B3596C-F8BE-4E46-9850-E3F6DCE8433B}
		{D79375B1-1B8A-44EF-B90A-F4FDC15FCAFD} = {F4B3596C-F8BE-4E46-9850-E3F6DCE8433B}
	EndGlobalSection
	GlobalSection(ExtensibilityGlobals) = postSolution
		SolutionGuid = {1DC0FCF7-08A7-4D46-AD70-63B216B3DAF3}
	EndGlobalSection
EndGlobal
