
Microsoft Visual Studio Solution File, Format Version 12.00
# Visual Studio 15
VisualStudioVersion = 15.0.28307.106
MinimumVisualStudioVersion = 10.0.40219.1
Project("{8BC9CEB8-8B4A-11D0-8D11-00A0C91BC942}") = "Hello_Triangle1", "LearnOpenGL\LearnOpenGL.vcxproj", "{4A69213F-84E5-4ADE-975D-D4285DBA54D1}"
	ProjectSection(ProjectDependencies) = postProject
		{40133DE4-0CDB-4D57-91E3-8E5D5F5CE603} = {40133DE4-0CDB-4D57-91E3-8E5D5F5CE603}
	EndProjectSection
EndProject
Project("{8BC9CEB8-8B4A-11D0-8D11-00A0C91BC942}") = "Common", "Common\Common.vcxproj", "{40133DE4-0CDB-4D57-91E3-8E5D5F5CE603}"
EndProject
Project("{8BC9CEB8-8B4A-11D0-8D11-00A0C91BC942}") = "Hello_Triangle", "Hello_Triangle\Hello_Triangle.vcxproj", "{2E253799-7549-4BC5-9584-5F1F9452DD45}"
	ProjectSection(ProjectDependencies) = postProject
		{40133DE4-0CDB-4D57-91E3-8E5D5F5CE603} = {40133DE4-0CDB-4D57-91E3-8E5D5F5CE603}
	EndProjectSection
EndProject
Global
	GlobalSection(SolutionConfigurationPlatforms) = preSolution
		Debug|x64 = Debug|x64
		Debug|x86 = Debug|x86
		Release|x64 = Release|x64
		Release|x86 = Release|x86
	EndGlobalSection
	GlobalSection(ProjectConfigurationPlatforms) = postSolution
		{4A69213F-84E5-4ADE-975D-D4285DBA54D1}.Debug|x64.ActiveCfg = Debug|x64
		{4A69213F-84E5-4ADE-975D-D4285DBA54D1}.Debug|x64.Build.0 = Debug|x64
		{4A69213F-84E5-4ADE-975D-D4285DBA54D1}.Debug|x86.ActiveCfg = Debug|Win32
		{4A69213F-84E5-4ADE-975D-D4285DBA54D1}.Debug|x86.Build.0 = Debug|Win32
		{4A69213F-84E5-4ADE-975D-D4285DBA54D1}.Release|x64.ActiveCfg = Release|x64
		{4A69213F-84E5-4ADE-975D-D4285DBA54D1}.Release|x64.Build.0 = Release|x64
		{4A69213F-84E5-4ADE-975D-D4285DBA54D1}.Release|x86.ActiveCfg = Release|Win32
		{4A69213F-84E5-4ADE-975D-D4285DBA54D1}.Release|x86.Build.0 = Release|Win32
		{40133DE4-0CDB-4D57-91E3-8E5D5F5CE603}.Debug|x64.ActiveCfg = Debug|x64
		{40133DE4-0CDB-4D57-91E3-8E5D5F5CE603}.Debug|x64.Build.0 = Debug|x64
		{40133DE4-0CDB-4D57-91E3-8E5D5F5CE603}.Debug|x86.ActiveCfg = Debug|Win32
		{40133DE4-0CDB-4D57-91E3-8E5D5F5CE603}.Debug|x86.Build.0 = Debug|Win32
		{40133DE4-0CDB-4D57-91E3-8E5D5F5CE603}.Release|x64.ActiveCfg = Release|x64
		{40133DE4-0CDB-4D57-91E3-8E5D5F5CE603}.Release|x64.Build.0 = Release|x64
		{40133DE4-0CDB-4D57-91E3-8E5D5F5CE603}.Release|x86.ActiveCfg = Release|Win32
		{40133DE4-0CDB-4D57-91E3-8E5D5F5CE603}.Release|x86.Build.0 = Release|Win32
		{2E253799-7549-4BC5-9584-5F1F9452DD45}.Debug|x64.ActiveCfg = Debug|x64
		{2E253799-7549-4BC5-9584-5F1F9452DD45}.Debug|x64.Build.0 = Debug|x64
		{2E253799-7549-4BC5-9584-5F1F9452DD45}.Debug|x86.ActiveCfg = Debug|Win32
		{2E253799-7549-4BC5-9584-5F1F9452DD45}.Debug|x86.Build.0 = Debug|Win32
		{2E253799-7549-4BC5-9584-5F1F9452DD45}.Release|x64.ActiveCfg = Release|x64
		{2E253799-7549-4BC5-9584-5F1F9452DD45}.Release|x64.Build.0 = Release|x64
		{2E253799-7549-4BC5-9584-5F1F9452DD45}.Release|x86.ActiveCfg = Release|Win32
		{2E253799-7549-4BC5-9584-5F1F9452DD45}.Release|x86.Build.0 = Release|Win32
	EndGlobalSection
	GlobalSection(SolutionProperties) = preSolution
		HideSolutionNode = FALSE
	EndGlobalSection
	GlobalSection(ExtensibilityGlobals) = postSolution
		SolutionGuid = {1DC0FCF7-08A7-4D46-AD70-63B216B3DAF3}
	EndGlobalSection
EndGlobal
